// !$*UTF8*$!
{
	archiveVersion = 1;
	classes = {
	};
	objectVersion = 42;
	objects = {

/* Begin PBXBuildFile section */
		273758A11509199600EEE774 /* testApp.cpp in Sources */ = {isa = PBXBuildFile; fileRef = 2737589F1509199600EEE774 /* testApp.cpp */; };
		27375ABF150919BE00EEE774 /* opencv.a in Frameworks */ = {isa = PBXBuildFile; fileRef = 27375A40150919BD00EEE774 /* opencv.a */; };
		27375AEF150919BF00EEE774 /* ofxCvColorImage.cpp in Sources */ = {isa = PBXBuildFile; fileRef = 27375A75150919BE00EEE774 /* ofxCvColorImage.cpp */; };
		27375AF0150919BF00EEE774 /* ofxCvContourFinder.cpp in Sources */ = {isa = PBXBuildFile; fileRef = 27375A78150919BE00EEE774 /* ofxCvContourFinder.cpp */; };
		27375AF1150919BF00EEE774 /* ofxCvFloatImage.cpp in Sources */ = {isa = PBXBuildFile; fileRef = 27375A7A150919BE00EEE774 /* ofxCvFloatImage.cpp */; };
		27375AF2150919BF00EEE774 /* ofxCvGrayscaleImage.cpp in Sources */ = {isa = PBXBuildFile; fileRef = 27375A7C150919BE00EEE774 /* ofxCvGrayscaleImage.cpp */; };
		27375AF3150919BF00EEE774 /* ofxCvHaarFinder.cpp in Sources */ = {isa = PBXBuildFile; fileRef = 27375A7E150919BE00EEE774 /* ofxCvHaarFinder.cpp */; };
		27375AF4150919BF00EEE774 /* ofxCvImage.cpp in Sources */ = {isa = PBXBuildFile; fileRef = 27375A80150919BE00EEE774 /* ofxCvImage.cpp */; };
		27375AF5150919BF00EEE774 /* ofxCvShortImage.cpp in Sources */ = {isa = PBXBuildFile; fileRef = 27375A83150919BE00EEE774 /* ofxCvShortImage.cpp */; };
		27375B01150919EB00EEE774 /* libtesseract_full_i386.a in Frameworks */ = {isa = PBXBuildFile; fileRef = 27375AFD150919EB00EEE774 /* libtesseract_full_i386.a */; };
		27375B02150919EB00EEE774 /* ofxTesseract.cpp in Sources */ = {isa = PBXBuildFile; fileRef = 27375AFF150919EB00EEE774 /* ofxTesseract.cpp */; };
		27375B1215091A7900EEE774 /* tinyxml.cpp in Sources */ = {isa = PBXBuildFile; fileRef = 27375B0B15091A7900EEE774 /* tinyxml.cpp */; };
		27375B1315091A7900EEE774 /* tinyxmlerror.cpp in Sources */ = {isa = PBXBuildFile; fileRef = 27375B0D15091A7900EEE774 /* tinyxmlerror.cpp */; };
		27375B1415091A7900EEE774 /* tinyxmlparser.cpp in Sources */ = {isa = PBXBuildFile; fileRef = 27375B0E15091A7900EEE774 /* tinyxmlparser.cpp */; };
		27375B1515091A7900EEE774 /* ofxXmlSettings.cpp in Sources */ = {isa = PBXBuildFile; fileRef = 27375B1015091A7900EEE774 /* ofxXmlSettings.cpp */; };
		BBAB23CB13894F3D00AA2426 /* GLUT.framework in CopyFiles */ = {isa = PBXBuildFile; fileRef = BBAB23BE13894E4700AA2426 /* GLUT.framework */; };
		BC1E977B15165EE0008DE55A /* guiBaseObject.cpp in Sources */ = {isa = PBXBuildFile; fileRef = BC1E973515165EE0008DE55A /* guiBaseObject.cpp */; };
		BC1E977C15165EE0008DE55A /* guiCallback.cpp in Sources */ = {isa = PBXBuildFile; fileRef = BC1E973715165EE0008DE55A /* guiCallback.cpp */; };
		BC1E977D15165EE0008DE55A /* guiCallbackValue.cpp in Sources */ = {isa = PBXBuildFile; fileRef = BC1E973915165EE0008DE55A /* guiCallbackValue.cpp */; };
		BC1E977E15165EE0008DE55A /* guiColor.cpp in Sources */ = {isa = PBXBuildFile; fileRef = BC1E973B15165EE0008DE55A /* guiColor.cpp */; };
		BC1E977F15165EE0008DE55A /* guiTextBase.cpp in Sources */ = {isa = PBXBuildFile; fileRef = BC1E973F15165EE0008DE55A /* guiTextBase.cpp */; };
		BC1E978015165EE0008DE55A /* guiType2DSlider.cpp in Sources */ = {isa = PBXBuildFile; fileRef = BC1E974115165EE0008DE55A /* guiType2DSlider.cpp */; };
		BC1E978115165EE0008DE55A /* guiTypeButtonSlider.cpp in Sources */ = {isa = PBXBuildFile; fileRef = BC1E974315165EE0008DE55A /* guiTypeButtonSlider.cpp */; };
		BC1E978215165EE0008DE55A /* guiTypeChartPlotter.cpp in Sources */ = {isa = PBXBuildFile; fileRef = BC1E974515165EE0008DE55A /* guiTypeChartPlotter.cpp */; };
		BC1E978315165EE0008DE55A /* guiTypeCustom.cpp in Sources */ = {isa = PBXBuildFile; fileRef = BC1E974715165EE0008DE55A /* guiTypeCustom.cpp */; };
		BC1E978415165EE0008DE55A /* guiTypeDrawable.cpp in Sources */ = {isa = PBXBuildFile; fileRef = BC1E974915165EE0008DE55A /* guiTypeDrawable.cpp */; };
		BC1E978515165EE0008DE55A /* guiTypeFileLister.cpp in Sources */ = {isa = PBXBuildFile; fileRef = BC1E974B15165EE0008DE55A /* guiTypeFileLister.cpp */; };
		BC1E978615165EE0008DE55A /* guiTypeLabel.cpp in Sources */ = {isa = PBXBuildFile; fileRef = BC1E974D15165EE0008DE55A /* guiTypeLabel.cpp */; };
		BC1E978715165EE0008DE55A /* guiTypeLogger.cpp in Sources */ = {isa = PBXBuildFile; fileRef = BC1E974F15165EE0008DE55A /* guiTypeLogger.cpp */; };
		BC1E978815165EE0008DE55A /* guiTypeMultiToggle.cpp in Sources */ = {isa = PBXBuildFile; fileRef = BC1E975115165EE0008DE55A /* guiTypeMultiToggle.cpp */; };
		BC1E978915165EE0008DE55A /* guiTypePanel.cpp in Sources */ = {isa = PBXBuildFile; fileRef = BC1E975315165EE0008DE55A /* guiTypePanel.cpp */; };
		BC1E978A15165EE0008DE55A /* guiTypeSlider.cpp in Sources */ = {isa = PBXBuildFile; fileRef = BC1E975515165EE0008DE55A /* guiTypeSlider.cpp */; };
		BC1E978B15165EE0008DE55A /* guiTypeText.cpp in Sources */ = {isa = PBXBuildFile; fileRef = BC1E975715165EE0008DE55A /* guiTypeText.cpp */; };
		BC1E978C15165EE0008DE55A /* guiTypeTextDropDown.cpp in Sources */ = {isa = PBXBuildFile; fileRef = BC1E975915165EE0008DE55A /* guiTypeTextDropDown.cpp */; };
		BC1E978D15165EE0008DE55A /* guiTypeTextInput.cpp in Sources */ = {isa = PBXBuildFile; fileRef = BC1E975B15165EE0008DE55A /* guiTypeTextInput.cpp */; };
		BC1E978E15165EE0008DE55A /* guiTypeToggle.cpp in Sources */ = {isa = PBXBuildFile; fileRef = BC1E975D15165EE0008DE55A /* guiTypeToggle.cpp */; };
		BC1E978F15165EE0008DE55A /* guiTypeVairableLister.cpp in Sources */ = {isa = PBXBuildFile; fileRef = BC1E975F15165EE0008DE55A /* guiTypeVairableLister.cpp */; };
		BC1E979015165EE0008DE55A /* guiTypeVideo.cpp in Sources */ = {isa = PBXBuildFile; fileRef = BC1E976115165EE0008DE55A /* guiTypeVideo.cpp */; };
		BC1E979115165EE0008DE55A /* guiValue.cpp in Sources */ = {isa = PBXBuildFile; fileRef = BC1E976315165EE0008DE55A /* guiValue.cpp */; };
		BC1E979215165EE0008DE55A /* ofxControlPanel.cpp in Sources */ = {isa = PBXBuildFile; fileRef = BC1E976815165EE0008DE55A /* ofxControlPanel.cpp */; };
		BC1E979315165EE0008DE55A /* simpleColor.cpp in Sources */ = {isa = PBXBuildFile; fileRef = BC1E976A15165EE0008DE55A /* simpleColor.cpp */; };
		BC1E979415165EE0008DE55A /* simpleFileLister.cpp in Sources */ = {isa = PBXBuildFile; fileRef = BC1E976C15165EE0008DE55A /* simpleFileLister.cpp */; };
		BC1E979515165EE0008DE55A /* simpleLogger.cpp in Sources */ = {isa = PBXBuildFile; fileRef = BC1E976E15165EE0008DE55A /* simpleLogger.cpp */; };
		E4328149138ABC9F0047C5CB /* openFrameworksDebug.a in Frameworks */ = {isa = PBXBuildFile; fileRef = E4328148138ABC890047C5CB /* openFrameworksDebug.a */; };
		E45BE97B0E8CC7DD009D7055 /* AGL.framework in Frameworks */ = {isa = PBXBuildFile; fileRef = E45BE9710E8CC7DD009D7055 /* AGL.framework */; };
		E45BE97C0E8CC7DD009D7055 /* ApplicationServices.framework in Frameworks */ = {isa = PBXBuildFile; fileRef = E45BE9720E8CC7DD009D7055 /* ApplicationServices.framework */; };
		E45BE97D0E8CC7DD009D7055 /* AudioToolbox.framework in Frameworks */ = {isa = PBXBuildFile; fileRef = E45BE9730E8CC7DD009D7055 /* AudioToolbox.framework */; };
		E45BE97E0E8CC7DD009D7055 /* Carbon.framework in Frameworks */ = {isa = PBXBuildFile; fileRef = E45BE9740E8CC7DD009D7055 /* Carbon.framework */; };
		E45BE97F0E8CC7DD009D7055 /* CoreAudio.framework in Frameworks */ = {isa = PBXBuildFile; fileRef = E45BE9750E8CC7DD009D7055 /* CoreAudio.framework */; };
		E45BE9800E8CC7DD009D7055 /* CoreFoundation.framework in Frameworks */ = {isa = PBXBuildFile; fileRef = E45BE9760E8CC7DD009D7055 /* CoreFoundation.framework */; };
		E45BE9810E8CC7DD009D7055 /* CoreServices.framework in Frameworks */ = {isa = PBXBuildFile; fileRef = E45BE9770E8CC7DD009D7055 /* CoreServices.framework */; };
		E45BE9830E8CC7DD009D7055 /* OpenGL.framework in Frameworks */ = {isa = PBXBuildFile; fileRef = E45BE9790E8CC7DD009D7055 /* OpenGL.framework */; };
		E45BE9840E8CC7DD009D7055 /* QuickTime.framework in Frameworks */ = {isa = PBXBuildFile; fileRef = E45BE97A0E8CC7DD009D7055 /* QuickTime.framework */; };
		E4B69E200A3A1BDC003C02F2 /* main.cpp in Sources */ = {isa = PBXBuildFile; fileRef = E4B69E1D0A3A1BDC003C02F2 /* main.cpp */; };
		E4C2424710CC5A17004149E2 /* AppKit.framework in Frameworks */ = {isa = PBXBuildFile; fileRef = E4C2424410CC5A17004149E2 /* AppKit.framework */; };
		E4C2424810CC5A17004149E2 /* Cocoa.framework in Frameworks */ = {isa = PBXBuildFile; fileRef = E4C2424510CC5A17004149E2 /* Cocoa.framework */; };
		E4C2424910CC5A17004149E2 /* IOKit.framework in Frameworks */ = {isa = PBXBuildFile; fileRef = E4C2424610CC5A17004149E2 /* IOKit.framework */; };
		E4EB6799138ADC1D00A09F29 /* GLUT.framework in Frameworks */ = {isa = PBXBuildFile; fileRef = BBAB23BE13894E4700AA2426 /* GLUT.framework */; };
/* End PBXBuildFile section */

/* Begin PBXContainerItemProxy section */
		E4328147138ABC890047C5CB /* PBXContainerItemProxy */ = {
			isa = PBXContainerItemProxy;
			containerPortal = E4328143138ABC890047C5CB /* openFrameworksLib.xcodeproj */;
			proxyType = 2;
			remoteGlobalIDString = E4B27C1510CBEB8E00536013;
			remoteInfo = openFrameworks;
		};
		E4EEB9AB138B136A00A80321 /* PBXContainerItemProxy */ = {
			isa = PBXContainerItemProxy;
			containerPortal = E4328143138ABC890047C5CB /* openFrameworksLib.xcodeproj */;
			proxyType = 1;
			remoteGlobalIDString = E4B27C1410CBEB8E00536013;
			remoteInfo = openFrameworks;
		};
/* End PBXContainerItemProxy section */

/* Begin PBXCopyFilesBuildPhase section */
		E4C2427710CC5ABF004149E2 /* CopyFiles */ = {
			isa = PBXCopyFilesBuildPhase;
			buildActionMask = 2147483647;
			dstPath = "";
			dstSubfolderSpec = 10;
			files = (
				BBAB23CB13894F3D00AA2426 /* GLUT.framework in CopyFiles */,
			);
			runOnlyForDeploymentPostprocessing = 0;
		};
/* End PBXCopyFilesBuildPhase section */

/* Begin PBXFileReference section */
		2737589E1509199600EEE774 /* CvUtils.h */ = {isa = PBXFileReference; fileEncoding = 4; lastKnownFileType = sourcecode.c.h; name = CvUtils.h; path = src/CvUtils.h; sourceTree = SOURCE_ROOT; };
		2737589F1509199600EEE774 /* testApp.cpp */ = {isa = PBXFileReference; fileEncoding = 4; lastKnownFileType = sourcecode.cpp.cpp; name = testApp.cpp; path = src/testApp.cpp; sourceTree = SOURCE_ROOT; };
		273758A01509199600EEE774 /* testApp.h */ = {isa = PBXFileReference; fileEncoding = 4; lastKnownFileType = sourcecode.c.h; name = testApp.h; path = src/testApp.h; sourceTree = SOURCE_ROOT; };
		273759AC150919BD00EEE774 /* cv.h */ = {isa = PBXFileReference; fileEncoding = 4; lastKnownFileType = sourcecode.c.h; name = cv.h; path = ../../ofxOpenCv/libs/opencv/include/opencv/cv.h; sourceTree = SOURCE_ROOT; };
		273759AD150919BD00EEE774 /* cv.hpp */ = {isa = PBXFileReference; fileEncoding = 4; lastKnownFileType = sourcecode.cpp.h; name = cv.hpp; path = ../../ofxOpenCv/libs/opencv/include/opencv/cv.hpp; sourceTree = SOURCE_ROOT; };
		273759AE150919BD00EEE774 /* cvaux.h */ = {isa = PBXFileReference; fileEncoding = 4; lastKnownFileType = sourcecode.c.h; name = cvaux.h; path = ../../ofxOpenCv/libs/opencv/include/opencv/cvaux.h; sourceTree = SOURCE_ROOT; };
		273759AF150919BD00EEE774 /* cvaux.hpp */ = {isa = PBXFileReference; fileEncoding = 4; lastKnownFileType = sourcecode.cpp.h; name = cvaux.hpp; path = ../../ofxOpenCv/libs/opencv/include/opencv/cvaux.hpp; sourceTree = SOURCE_ROOT; };
		273759B0150919BD00EEE774 /* cvwimage.h */ = {isa = PBXFileReference; fileEncoding = 4; lastKnownFileType = sourcecode.c.h; name = cvwimage.h; path = ../../ofxOpenCv/libs/opencv/include/opencv/cvwimage.h; sourceTree = SOURCE_ROOT; };
		273759B1150919BD00EEE774 /* cxcore.h */ = {isa = PBXFileReference; fileEncoding = 4; lastKnownFileType = sourcecode.c.h; name = cxcore.h; path = ../../ofxOpenCv/libs/opencv/include/opencv/cxcore.h; sourceTree = SOURCE_ROOT; };
		273759B2150919BD00EEE774 /* cxcore.hpp */ = {isa = PBXFileReference; fileEncoding = 4; lastKnownFileType = sourcecode.cpp.h; name = cxcore.hpp; path = ../../ofxOpenCv/libs/opencv/include/opencv/cxcore.hpp; sourceTree = SOURCE_ROOT; };
		273759B3150919BD00EEE774 /* cxeigen.hpp */ = {isa = PBXFileReference; fileEncoding = 4; lastKnownFileType = sourcecode.cpp.h; name = cxeigen.hpp; path = ../../ofxOpenCv/libs/opencv/include/opencv/cxeigen.hpp; sourceTree = SOURCE_ROOT; };
		273759B4150919BD00EEE774 /* cxmisc.h */ = {isa = PBXFileReference; fileEncoding = 4; lastKnownFileType = sourcecode.c.h; name = cxmisc.h; path = ../../ofxOpenCv/libs/opencv/include/opencv/cxmisc.h; sourceTree = SOURCE_ROOT; };
		273759B5150919BD00EEE774 /* highgui.h */ = {isa = PBXFileReference; fileEncoding = 4; lastKnownFileType = sourcecode.c.h; name = highgui.h; path = ../../ofxOpenCv/libs/opencv/include/opencv/highgui.h; sourceTree = SOURCE_ROOT; };
		273759B6150919BD00EEE774 /* ml.h */ = {isa = PBXFileReference; fileEncoding = 4; lastKnownFileType = sourcecode.c.h; name = ml.h; path = ../../ofxOpenCv/libs/opencv/include/opencv/ml.h; sourceTree = SOURCE_ROOT; };
		273759B9150919BD00EEE774 /* calib3d.hpp */ = {isa = PBXFileReference; fileEncoding = 4; lastKnownFileType = sourcecode.cpp.h; name = calib3d.hpp; path = ../../ofxOpenCv/libs/opencv/include/opencv2/calib3d/calib3d.hpp; sourceTree = SOURCE_ROOT; };
		273759BB150919BD00EEE774 /* contrib.hpp */ = {isa = PBXFileReference; fileEncoding = 4; lastKnownFileType = sourcecode.cpp.h; name = contrib.hpp; path = ../../ofxOpenCv/libs/opencv/include/opencv2/contrib/contrib.hpp; sourceTree = SOURCE_ROOT; };
		273759BD150919BD00EEE774 /* core.hpp */ = {isa = PBXFileReference; fileEncoding = 4; lastKnownFileType = sourcecode.cpp.h; name = core.hpp; path = ../../ofxOpenCv/libs/opencv/include/opencv2/core/core.hpp; sourceTree = SOURCE_ROOT; };
		273759BE150919BD00EEE774 /* core_c.h */ = {isa = PBXFileReference; fileEncoding = 4; lastKnownFileType = sourcecode.c.h; name = core_c.h; path = ../../ofxOpenCv/libs/opencv/include/opencv2/core/core_c.h; sourceTree = SOURCE_ROOT; };
		273759BF150919BD00EEE774 /* eigen.hpp */ = {isa = PBXFileReference; fileEncoding = 4; lastKnownFileType = sourcecode.cpp.h; name = eigen.hpp; path = ../../ofxOpenCv/libs/opencv/include/opencv2/core/eigen.hpp; sourceTree = SOURCE_ROOT; };
		273759C0150919BD00EEE774 /* internal.hpp */ = {isa = PBXFileReference; fileEncoding = 4; lastKnownFileType = sourcecode.cpp.h; name = internal.hpp; path = ../../ofxOpenCv/libs/opencv/include/opencv2/core/internal.hpp; sourceTree = SOURCE_ROOT; };
		273759C1150919BD00EEE774 /* mat.hpp */ = {isa = PBXFileReference; fileEncoding = 4; lastKnownFileType = sourcecode.cpp.h; name = mat.hpp; path = ../../ofxOpenCv/libs/opencv/include/opencv2/core/mat.hpp; sourceTree = SOURCE_ROOT; };
		273759C2150919BD00EEE774 /* operations.hpp */ = {isa = PBXFileReference; fileEncoding = 4; lastKnownFileType = sourcecode.cpp.h; name = operations.hpp; path = ../../ofxOpenCv/libs/opencv/include/opencv2/core/operations.hpp; sourceTree = SOURCE_ROOT; };
		273759C3150919BD00EEE774 /* types_c.h */ = {isa = PBXFileReference; fileEncoding = 4; lastKnownFileType = sourcecode.c.h; name = types_c.h; path = ../../ofxOpenCv/libs/opencv/include/opencv2/core/types_c.h; sourceTree = SOURCE_ROOT; };
		273759C4150919BD00EEE774 /* version.hpp */ = {isa = PBXFileReference; fileEncoding = 4; lastKnownFileType = sourcecode.cpp.h; name = version.hpp; path = ../../ofxOpenCv/libs/opencv/include/opencv2/core/version.hpp; sourceTree = SOURCE_ROOT; };
		273759C5150919BD00EEE774 /* wimage.hpp */ = {isa = PBXFileReference; fileEncoding = 4; lastKnownFileType = sourcecode.cpp.h; name = wimage.hpp; path = ../../ofxOpenCv/libs/opencv/include/opencv2/core/wimage.hpp; sourceTree = SOURCE_ROOT; };
		273759C7150919BD00EEE774 /* features2d.hpp */ = {isa = PBXFileReference; fileEncoding = 4; lastKnownFileType = sourcecode.cpp.h; name = features2d.hpp; path = ../../ofxOpenCv/libs/opencv/include/opencv2/features2d/features2d.hpp; sourceTree = SOURCE_ROOT; };
		273759C9150919BD00EEE774 /* all_indices.h */ = {isa = PBXFileReference; fileEncoding = 4; lastKnownFileType = sourcecode.c.h; name = all_indices.h; path = ../../ofxOpenCv/libs/opencv/include/opencv2/flann/all_indices.h; sourceTree = SOURCE_ROOT; };
		273759CA150919BD00EEE774 /* allocator.h */ = {isa = PBXFileReference; fileEncoding = 4; lastKnownFileType = sourcecode.c.h; name = allocator.h; path = ../../ofxOpenCv/libs/opencv/include/opencv2/flann/allocator.h; sourceTree = SOURCE_ROOT; };
		273759CB150919BD00EEE774 /* autotuned_index.h */ = {isa = PBXFileReference; fileEncoding = 4; lastKnownFileType = sourcecode.c.h; name = autotuned_index.h; path = ../../ofxOpenCv/libs/opencv/include/opencv2/flann/autotuned_index.h; sourceTree = SOURCE_ROOT; };
		273759CC150919BD00EEE774 /* composite_index.h */ = {isa = PBXFileReference; fileEncoding = 4; lastKnownFileType = sourcecode.c.h; name = composite_index.h; path = ../../ofxOpenCv/libs/opencv/include/opencv2/flann/composite_index.h; sourceTree = SOURCE_ROOT; };
		273759CD150919BD00EEE774 /* dist.h */ = {isa = PBXFileReference; fileEncoding = 4; lastKnownFileType = sourcecode.c.h; name = dist.h; path = ../../ofxOpenCv/libs/opencv/include/opencv2/flann/dist.h; sourceTree = SOURCE_ROOT; };
		273759CE150919BD00EEE774 /* flann.hpp */ = {isa = PBXFileReference; fileEncoding = 4; lastKnownFileType = sourcecode.cpp.h; name = flann.hpp; path = ../../ofxOpenCv/libs/opencv/include/opencv2/flann/flann.hpp; sourceTree = SOURCE_ROOT; };
		273759CF150919BD00EEE774 /* flann_base.hpp */ = {isa = PBXFileReference; fileEncoding = 4; lastKnownFileType = sourcecode.cpp.h; name = flann_base.hpp; path = ../../ofxOpenCv/libs/opencv/include/opencv2/flann/flann_base.hpp; sourceTree = SOURCE_ROOT; };
		273759D0150919BD00EEE774 /* general.h */ = {isa = PBXFileReference; fileEncoding = 4; lastKnownFileType = sourcecode.c.h; name = general.h; path = ../../ofxOpenCv/libs/opencv/include/opencv2/flann/general.h; sourceTree = SOURCE_ROOT; };
		273759D1150919BD00EEE774 /* ground_truth.h */ = {isa = PBXFileReference; fileEncoding = 4; lastKnownFileType = sourcecode.c.h; name = ground_truth.h; path = ../../ofxOpenCv/libs/opencv/include/opencv2/flann/ground_truth.h; sourceTree = SOURCE_ROOT; };
		273759D2150919BD00EEE774 /* hdf5.h */ = {isa = PBXFileReference; fileEncoding = 4; lastKnownFileType = sourcecode.c.h; name = hdf5.h; path = ../../ofxOpenCv/libs/opencv/include/opencv2/flann/hdf5.h; sourceTree = SOURCE_ROOT; };
		273759D3150919BD00EEE774 /* heap.h */ = {isa = PBXFileReference; fileEncoding = 4; lastKnownFileType = sourcecode.c.h; name = heap.h; path = ../../ofxOpenCv/libs/opencv/include/opencv2/flann/heap.h; sourceTree = SOURCE_ROOT; };
		273759D4150919BD00EEE774 /* index_testing.h */ = {isa = PBXFileReference; fileEncoding = 4; lastKnownFileType = sourcecode.c.h; name = index_testing.h; path = ../../ofxOpenCv/libs/opencv/include/opencv2/flann/index_testing.h; sourceTree = SOURCE_ROOT; };
		273759D5150919BD00EEE774 /* kdtree_index.h */ = {isa = PBXFileReference; fileEncoding = 4; lastKnownFileType = sourcecode.c.h; name = kdtree_index.h; path = ../../ofxOpenCv/libs/opencv/include/opencv2/flann/kdtree_index.h; sourceTree = SOURCE_ROOT; };
		273759D6150919BD00EEE774 /* kmeans_index.h */ = {isa = PBXFileReference; fileEncoding = 4; lastKnownFileType = sourcecode.c.h; name = kmeans_index.h; path = ../../ofxOpenCv/libs/opencv/include/opencv2/flann/kmeans_index.h; sourceTree = SOURCE_ROOT; };
		273759D7150919BD00EEE774 /* linear_index.h */ = {isa = PBXFileReference; fileEncoding = 4; lastKnownFileType = sourcecode.c.h; name = linear_index.h; path = ../../ofxOpenCv/libs/opencv/include/opencv2/flann/linear_index.h; sourceTree = SOURCE_ROOT; };
		273759D8150919BD00EEE774 /* logger.h */ = {isa = PBXFileReference; fileEncoding = 4; lastKnownFileType = sourcecode.c.h; name = logger.h; path = ../../ofxOpenCv/libs/opencv/include/opencv2/flann/logger.h; sourceTree = SOURCE_ROOT; };
		273759D9150919BD00EEE774 /* matrix.h */ = {isa = PBXFileReference; fileEncoding = 4; lastKnownFileType = sourcecode.c.h; name = matrix.h; path = ../../ofxOpenCv/libs/opencv/include/opencv2/flann/matrix.h; sourceTree = SOURCE_ROOT; };
		273759DA150919BD00EEE774 /* nn_index.h */ = {isa = PBXFileReference; fileEncoding = 4; lastKnownFileType = sourcecode.c.h; name = nn_index.h; path = ../../ofxOpenCv/libs/opencv/include/opencv2/flann/nn_index.h; sourceTree = SOURCE_ROOT; };
		273759DB150919BD00EEE774 /* object_factory.h */ = {isa = PBXFileReference; fileEncoding = 4; lastKnownFileType = sourcecode.c.h; name = object_factory.h; path = ../../ofxOpenCv/libs/opencv/include/opencv2/flann/object_factory.h; sourceTree = SOURCE_ROOT; };
		273759DC150919BD00EEE774 /* random.h */ = {isa = PBXFileReference; fileEncoding = 4; lastKnownFileType = sourcecode.c.h; name = random.h; path = ../../ofxOpenCv/libs/opencv/include/opencv2/flann/random.h; sourceTree = SOURCE_ROOT; };
		273759DD150919BD00EEE774 /* result_set.h */ = {isa = PBXFileReference; fileEncoding = 4; lastKnownFileType = sourcecode.c.h; name = result_set.h; path = ../../ofxOpenCv/libs/opencv/include/opencv2/flann/result_set.h; sourceTree = SOURCE_ROOT; };
		273759DE150919BD00EEE774 /* sampling.h */ = {isa = PBXFileReference; fileEncoding = 4; lastKnownFileType = sourcecode.c.h; name = sampling.h; path = ../../ofxOpenCv/libs/opencv/include/opencv2/flann/sampling.h; sourceTree = SOURCE_ROOT; };
		273759DF150919BD00EEE774 /* saving.h */ = {isa = PBXFileReference; fileEncoding = 4; lastKnownFileType = sourcecode.c.h; name = saving.h; path = ../../ofxOpenCv/libs/opencv/include/opencv2/flann/saving.h; sourceTree = SOURCE_ROOT; };
		273759E0150919BD00EEE774 /* simplex_downhill.h */ = {isa = PBXFileReference; fileEncoding = 4; lastKnownFileType = sourcecode.c.h; name = simplex_downhill.h; path = ../../ofxOpenCv/libs/opencv/include/opencv2/flann/simplex_downhill.h; sourceTree = SOURCE_ROOT; };
		273759E1150919BD00EEE774 /* timer.h */ = {isa = PBXFileReference; fileEncoding = 4; lastKnownFileType = sourcecode.c.h; name = timer.h; path = ../../ofxOpenCv/libs/opencv/include/opencv2/flann/timer.h; sourceTree = SOURCE_ROOT; };
		273759E3150919BD00EEE774 /* devmem2d.hpp */ = {isa = PBXFileReference; fileEncoding = 4; lastKnownFileType = sourcecode.cpp.h; name = devmem2d.hpp; path = ../../ofxOpenCv/libs/opencv/include/opencv2/gpu/devmem2d.hpp; sourceTree = SOURCE_ROOT; };
		273759E4150919BD00EEE774 /* gpu.hpp */ = {isa = PBXFileReference; fileEncoding = 4; lastKnownFileType = sourcecode.cpp.h; name = gpu.hpp; path = ../../ofxOpenCv/libs/opencv/include/opencv2/gpu/gpu.hpp; sourceTree = SOURCE_ROOT; };
		273759E5150919BD00EEE774 /* matrix_operations.hpp */ = {isa = PBXFileReference; fileEncoding = 4; lastKnownFileType = sourcecode.cpp.h; name = matrix_operations.hpp; path = ../../ofxOpenCv/libs/opencv/include/opencv2/gpu/matrix_operations.hpp; sourceTree = SOURCE_ROOT; };
		273759E6150919BD00EEE774 /* stream_accessor.hpp */ = {isa = PBXFileReference; fileEncoding = 4; lastKnownFileType = sourcecode.cpp.h; name = stream_accessor.hpp; path = ../../ofxOpenCv/libs/opencv/include/opencv2/gpu/stream_accessor.hpp; sourceTree = SOURCE_ROOT; };
		273759E8150919BD00EEE774 /* highgui.hpp */ = {isa = PBXFileReference; fileEncoding = 4; lastKnownFileType = sourcecode.cpp.h; name = highgui.hpp; path = ../../ofxOpenCv/libs/opencv/include/opencv2/highgui/highgui.hpp; sourceTree = SOURCE_ROOT; };
		273759E9150919BD00EEE774 /* highgui_c.h */ = {isa = PBXFileReference; fileEncoding = 4; lastKnownFileType = sourcecode.c.h; name = highgui_c.h; path = ../../ofxOpenCv/libs/opencv/include/opencv2/highgui/highgui_c.h; sourceTree = SOURCE_ROOT; };
		273759EB150919BD00EEE774 /* imgproc.hpp */ = {isa = PBXFileReference; fileEncoding = 4; lastKnownFileType = sourcecode.cpp.h; name = imgproc.hpp; path = ../../ofxOpenCv/libs/opencv/include/opencv2/imgproc/imgproc.hpp; sourceTree = SOURCE_ROOT; };
		273759EC150919BD00EEE774 /* imgproc_c.h */ = {isa = PBXFileReference; fileEncoding = 4; lastKnownFileType = sourcecode.c.h; name = imgproc_c.h; path = ../../ofxOpenCv/libs/opencv/include/opencv2/imgproc/imgproc_c.h; sourceTree = SOURCE_ROOT; };
		273759ED150919BD00EEE774 /* types_c.h */ = {isa = PBXFileReference; fileEncoding = 4; lastKnownFileType = sourcecode.c.h; name = types_c.h; path = ../../ofxOpenCv/libs/opencv/include/opencv2/imgproc/types_c.h; sourceTree = SOURCE_ROOT; };
		273759EF150919BD00EEE774 /* blobtrack.hpp */ = {isa = PBXFileReference; fileEncoding = 4; lastKnownFileType = sourcecode.cpp.h; name = blobtrack.hpp; path = ../../ofxOpenCv/libs/opencv/include/opencv2/legacy/blobtrack.hpp; sourceTree = SOURCE_ROOT; };
		273759F0150919BD00EEE774 /* compat.hpp */ = {isa = PBXFileReference; fileEncoding = 4; lastKnownFileType = sourcecode.cpp.h; name = compat.hpp; path = ../../ofxOpenCv/libs/opencv/include/opencv2/legacy/compat.hpp; sourceTree = SOURCE_ROOT; };
		273759F1150919BD00EEE774 /* legacy.hpp */ = {isa = PBXFileReference; fileEncoding = 4; lastKnownFileType = sourcecode.cpp.h; name = legacy.hpp; path = ../../ofxOpenCv/libs/opencv/include/opencv2/legacy/legacy.hpp; sourceTree = SOURCE_ROOT; };
		273759F2150919BD00EEE774 /* streams.hpp */ = {isa = PBXFileReference; fileEncoding = 4; lastKnownFileType = sourcecode.cpp.h; name = streams.hpp; path = ../../ofxOpenCv/libs/opencv/include/opencv2/legacy/streams.hpp; sourceTree = SOURCE_ROOT; };
		273759F4150919BD00EEE774 /* ml.hpp */ = {isa = PBXFileReference; fileEncoding = 4; lastKnownFileType = sourcecode.cpp.h; name = ml.hpp; path = ../../ofxOpenCv/libs/opencv/include/opencv2/ml/ml.hpp; sourceTree = SOURCE_ROOT; };
		273759F6150919BD00EEE774 /* objdetect.hpp */ = {isa = PBXFileReference; fileEncoding = 4; lastKnownFileType = sourcecode.cpp.h; name = objdetect.hpp; path = ../../ofxOpenCv/libs/opencv/include/opencv2/objdetect/objdetect.hpp; sourceTree = SOURCE_ROOT; };
		273759F7150919BD00EEE774 /* opencv.hpp */ = {isa = PBXFileReference; fileEncoding = 4; lastKnownFileType = sourcecode.cpp.h; name = opencv.hpp; path = ../../ofxOpenCv/libs/opencv/include/opencv2/opencv.hpp; sourceTree = SOURCE_ROOT; };
		273759F9150919BD00EEE774 /* background_segm.hpp */ = {isa = PBXFileReference; fileEncoding = 4; lastKnownFileType = sourcecode.cpp.h; name = background_segm.hpp; path = ../../ofxOpenCv/libs/opencv/include/opencv2/video/background_segm.hpp; sourceTree = SOURCE_ROOT; };
		273759FA150919BD00EEE774 /* tracking.hpp */ = {isa = PBXFileReference; fileEncoding = 4; lastKnownFileType = sourcecode.cpp.h; name = tracking.hpp; path = ../../ofxOpenCv/libs/opencv/include/opencv2/video/tracking.hpp; sourceTree = SOURCE_ROOT; };
		27375A40150919BD00EEE774 /* opencv.a */ = {isa = PBXFileReference; lastKnownFileType = archive.ar; name = opencv.a; path = ../../ofxOpenCv/libs/opencv/lib/osx/opencv.a; sourceTree = SOURCE_ROOT; };
		27375A74150919BE00EEE774 /* ofxCvBlob.h */ = {isa = PBXFileReference; fileEncoding = 4; lastKnownFileType = sourcecode.c.h; name = ofxCvBlob.h; path = ../../ofxOpenCv/src/ofxCvBlob.h; sourceTree = SOURCE_ROOT; };
		27375A75150919BE00EEE774 /* ofxCvColorImage.cpp */ = {isa = PBXFileReference; fileEncoding = 4; lastKnownFileType = sourcecode.cpp.cpp; name = ofxCvColorImage.cpp; path = ../../ofxOpenCv/src/ofxCvColorImage.cpp; sourceTree = SOURCE_ROOT; };
		27375A76150919BE00EEE774 /* ofxCvColorImage.h */ = {isa = PBXFileReference; fileEncoding = 4; lastKnownFileType = sourcecode.c.h; name = ofxCvColorImage.h; path = ../../ofxOpenCv/src/ofxCvColorImage.h; sourceTree = SOURCE_ROOT; };
		27375A77150919BE00EEE774 /* ofxCvConstants.h */ = {isa = PBXFileReference; fileEncoding = 4; lastKnownFileType = sourcecode.c.h; name = ofxCvConstants.h; path = ../../ofxOpenCv/src/ofxCvConstants.h; sourceTree = SOURCE_ROOT; };
		27375A78150919BE00EEE774 /* ofxCvContourFinder.cpp */ = {isa = PBXFileReference; fileEncoding = 4; lastKnownFileType = sourcecode.cpp.cpp; name = ofxCvContourFinder.cpp; path = ../../ofxOpenCv/src/ofxCvContourFinder.cpp; sourceTree = SOURCE_ROOT; };
		27375A79150919BE00EEE774 /* ofxCvContourFinder.h */ = {isa = PBXFileReference; fileEncoding = 4; lastKnownFileType = sourcecode.c.h; name = ofxCvContourFinder.h; path = ../../ofxOpenCv/src/ofxCvContourFinder.h; sourceTree = SOURCE_ROOT; };
		27375A7A150919BE00EEE774 /* ofxCvFloatImage.cpp */ = {isa = PBXFileReference; fileEncoding = 4; lastKnownFileType = sourcecode.cpp.cpp; name = ofxCvFloatImage.cpp; path = ../../ofxOpenCv/src/ofxCvFloatImage.cpp; sourceTree = SOURCE_ROOT; };
		27375A7B150919BE00EEE774 /* ofxCvFloatImage.h */ = {isa = PBXFileReference; fileEncoding = 4; lastKnownFileType = sourcecode.c.h; name = ofxCvFloatImage.h; path = ../../ofxOpenCv/src/ofxCvFloatImage.h; sourceTree = SOURCE_ROOT; };
		27375A7C150919BE00EEE774 /* ofxCvGrayscaleImage.cpp */ = {isa = PBXFileReference; fileEncoding = 4; lastKnownFileType = sourcecode.cpp.cpp; name = ofxCvGrayscaleImage.cpp; path = ../../ofxOpenCv/src/ofxCvGrayscaleImage.cpp; sourceTree = SOURCE_ROOT; };
		27375A7D150919BE00EEE774 /* ofxCvGrayscaleImage.h */ = {isa = PBXFileReference; fileEncoding = 4; lastKnownFileType = sourcecode.c.h; name = ofxCvGrayscaleImage.h; path = ../../ofxOpenCv/src/ofxCvGrayscaleImage.h; sourceTree = SOURCE_ROOT; };
		27375A7E150919BE00EEE774 /* ofxCvHaarFinder.cpp */ = {isa = PBXFileReference; fileEncoding = 4; lastKnownFileType = sourcecode.cpp.cpp; name = ofxCvHaarFinder.cpp; path = ../../ofxOpenCv/src/ofxCvHaarFinder.cpp; sourceTree = SOURCE_ROOT; };
		27375A7F150919BE00EEE774 /* ofxCvHaarFinder.h */ = {isa = PBXFileReference; fileEncoding = 4; lastKnownFileType = sourcecode.c.h; name = ofxCvHaarFinder.h; path = ../../ofxOpenCv/src/ofxCvHaarFinder.h; sourceTree = SOURCE_ROOT; };
		27375A80150919BE00EEE774 /* ofxCvImage.cpp */ = {isa = PBXFileReference; fileEncoding = 4; lastKnownFileType = sourcecode.cpp.cpp; name = ofxCvImage.cpp; path = ../../ofxOpenCv/src/ofxCvImage.cpp; sourceTree = SOURCE_ROOT; };
		27375A81150919BE00EEE774 /* ofxCvImage.h */ = {isa = PBXFileReference; fileEncoding = 4; lastKnownFileType = sourcecode.c.h; name = ofxCvImage.h; path = ../../ofxOpenCv/src/ofxCvImage.h; sourceTree = SOURCE_ROOT; };
		27375A82150919BE00EEE774 /* ofxCvMain.h */ = {isa = PBXFileReference; fileEncoding = 4; lastKnownFileType = sourcecode.c.h; name = ofxCvMain.h; path = ../../ofxOpenCv/src/ofxCvMain.h; sourceTree = SOURCE_ROOT; };
		27375A83150919BE00EEE774 /* ofxCvShortImage.cpp */ = {isa = PBXFileReference; fileEncoding = 4; lastKnownFileType = sourcecode.cpp.cpp; name = ofxCvShortImage.cpp; path = ../../ofxOpenCv/src/ofxCvShortImage.cpp; sourceTree = SOURCE_ROOT; };
		27375A84150919BE00EEE774 /* ofxCvShortImage.h */ = {isa = PBXFileReference; fileEncoding = 4; lastKnownFileType = sourcecode.c.h; name = ofxCvShortImage.h; path = ../../ofxOpenCv/src/ofxCvShortImage.h; sourceTree = SOURCE_ROOT; };
		27375A85150919BE00EEE774 /* ofxOpenCv.h */ = {isa = PBXFileReference; fileEncoding = 4; lastKnownFileType = sourcecode.c.h; name = ofxOpenCv.h; path = ../../ofxOpenCv/src/ofxOpenCv.h; sourceTree = SOURCE_ROOT; };
		27375AF9150919EB00EEE774 /* baseapi.h */ = {isa = PBXFileReference; fileEncoding = 4; lastKnownFileType = sourcecode.c.h; name = baseapi.h; path = ../include/baseapi.h; sourceTree = SOURCE_ROOT; };
		27375AFA150919EB00EEE774 /* thresholder.h */ = {isa = PBXFileReference; fileEncoding = 4; lastKnownFileType = sourcecode.c.h; name = thresholder.h; path = ../include/thresholder.h; sourceTree = SOURCE_ROOT; };
		27375AFD150919EB00EEE774 /* libtesseract_full_i386.a */ = {isa = PBXFileReference; lastKnownFileType = archive.ar; name = libtesseract_full_i386.a; path = ../lib/osx/libtesseract_full_i386.a; sourceTree = SOURCE_ROOT; };
		27375AFF150919EB00EEE774 /* ofxTesseract.cpp */ = {isa = PBXFileReference; fileEncoding = 4; lastKnownFileType = sourcecode.cpp.cpp; name = ofxTesseract.cpp; path = ../src/ofxTesseract.cpp; sourceTree = SOURCE_ROOT; };
		27375B00150919EB00EEE774 /* ofxTesseract.h */ = {isa = PBXFileReference; fileEncoding = 4; lastKnownFileType = sourcecode.c.h; name = ofxTesseract.h; path = ../src/ofxTesseract.h; sourceTree = SOURCE_ROOT; };
		27375B0B15091A7900EEE774 /* tinyxml.cpp */ = {isa = PBXFileReference; fileEncoding = 4; lastKnownFileType = sourcecode.cpp.cpp; name = tinyxml.cpp; path = ../../ofxXmlSettings/libs/tinyxml.cpp; sourceTree = SOURCE_ROOT; };
		27375B0C15091A7900EEE774 /* tinyxml.h */ = {isa = PBXFileReference; fileEncoding = 4; lastKnownFileType = sourcecode.c.h; name = tinyxml.h; path = ../../ofxXmlSettings/libs/tinyxml.h; sourceTree = SOURCE_ROOT; };
		27375B0D15091A7900EEE774 /* tinyxmlerror.cpp */ = {isa = PBXFileReference; fileEncoding = 4; lastKnownFileType = sourcecode.cpp.cpp; name = tinyxmlerror.cpp; path = ../../ofxXmlSettings/libs/tinyxmlerror.cpp; sourceTree = SOURCE_ROOT; };
		27375B0E15091A7900EEE774 /* tinyxmlparser.cpp */ = {isa = PBXFileReference; fileEncoding = 4; lastKnownFileType = sourcecode.cpp.cpp; name = tinyxmlparser.cpp; path = ../../ofxXmlSettings/libs/tinyxmlparser.cpp; sourceTree = SOURCE_ROOT; };
		27375B1015091A7900EEE774 /* ofxXmlSettings.cpp */ = {isa = PBXFileReference; fileEncoding = 4; lastKnownFileType = sourcecode.cpp.cpp; name = ofxXmlSettings.cpp; path = ../../ofxXmlSettings/src/ofxXmlSettings.cpp; sourceTree = SOURCE_ROOT; };
		27375B1115091A7900EEE774 /* ofxXmlSettings.h */ = {isa = PBXFileReference; fileEncoding = 4; lastKnownFileType = sourcecode.c.h; name = ofxXmlSettings.h; path = ../../ofxXmlSettings/src/ofxXmlSettings.h; sourceTree = SOURCE_ROOT; };
		BBAB23BE13894E4700AA2426 /* GLUT.framework */ = {isa = PBXFileReference; lastKnownFileType = wrapper.framework; name = GLUT.framework; path = ../../../libs/glut/lib/osx/GLUT.framework; sourceTree = "<group>"; };
		BC1E973515165EE0008DE55A /* guiBaseObject.cpp */ = {isa = PBXFileReference; fileEncoding = 4; lastKnownFileType = sourcecode.cpp.cpp; path = guiBaseObject.cpp; sourceTree = "<group>"; };
		BC1E973615165EE0008DE55A /* guiBaseObject.h */ = {isa = PBXFileReference; fileEncoding = 4; lastKnownFileType = sourcecode.c.h; path = guiBaseObject.h; sourceTree = "<group>"; };
		BC1E973715165EE0008DE55A /* guiCallback.cpp */ = {isa = PBXFileReference; fileEncoding = 4; lastKnownFileType = sourcecode.cpp.cpp; path = guiCallback.cpp; sourceTree = "<group>"; };
		BC1E973815165EE0008DE55A /* guiCallback.h */ = {isa = PBXFileReference; fileEncoding = 4; lastKnownFileType = sourcecode.c.h; path = guiCallback.h; sourceTree = "<group>"; };
		BC1E973915165EE0008DE55A /* guiCallbackValue.cpp */ = {isa = PBXFileReference; fileEncoding = 4; lastKnownFileType = sourcecode.cpp.cpp; path = guiCallbackValue.cpp; sourceTree = "<group>"; };
		BC1E973A15165EE0008DE55A /* guiCallbackValue.h */ = {isa = PBXFileReference; fileEncoding = 4; lastKnownFileType = sourcecode.c.h; path = guiCallbackValue.h; sourceTree = "<group>"; };
		BC1E973B15165EE0008DE55A /* guiColor.cpp */ = {isa = PBXFileReference; fileEncoding = 4; lastKnownFileType = sourcecode.cpp.cpp; path = guiColor.cpp; sourceTree = "<group>"; };
		BC1E973C15165EE0008DE55A /* guiColor.h */ = {isa = PBXFileReference; fileEncoding = 4; lastKnownFileType = sourcecode.c.h; path = guiColor.h; sourceTree = "<group>"; };
		BC1E973D15165EE0008DE55A /* guiCustomImpl.h */ = {isa = PBXFileReference; fileEncoding = 4; lastKnownFileType = sourcecode.c.h; path = guiCustomImpl.h; sourceTree = "<group>"; };
		BC1E973E15165EE0008DE55A /* guiIncludes.h */ = {isa = PBXFileReference; fileEncoding = 4; lastKnownFileType = sourcecode.c.h; path = guiIncludes.h; sourceTree = "<group>"; };
		BC1E973F15165EE0008DE55A /* guiTextBase.cpp */ = {isa = PBXFileReference; fileEncoding = 4; lastKnownFileType = sourcecode.cpp.cpp; path = guiTextBase.cpp; sourceTree = "<group>"; };
		BC1E974015165EE0008DE55A /* guiTextBase.h */ = {isa = PBXFileReference; fileEncoding = 4; lastKnownFileType = sourcecode.c.h; path = guiTextBase.h; sourceTree = "<group>"; };
		BC1E974115165EE0008DE55A /* guiType2DSlider.cpp */ = {isa = PBXFileReference; fileEncoding = 4; lastKnownFileType = sourcecode.cpp.cpp; path = guiType2DSlider.cpp; sourceTree = "<group>"; };
		BC1E974215165EE0008DE55A /* guiType2DSlider.h */ = {isa = PBXFileReference; fileEncoding = 4; lastKnownFileType = sourcecode.c.h; path = guiType2DSlider.h; sourceTree = "<group>"; };
		BC1E974315165EE0008DE55A /* guiTypeButtonSlider.cpp */ = {isa = PBXFileReference; fileEncoding = 4; lastKnownFileType = sourcecode.cpp.cpp; path = guiTypeButtonSlider.cpp; sourceTree = "<group>"; };
		BC1E974415165EE0008DE55A /* guiTypeButtonSlider.h */ = {isa = PBXFileReference; fileEncoding = 4; lastKnownFileType = sourcecode.c.h; path = guiTypeButtonSlider.h; sourceTree = "<group>"; };
		BC1E974515165EE0008DE55A /* guiTypeChartPlotter.cpp */ = {isa = PBXFileReference; fileEncoding = 4; lastKnownFileType = sourcecode.cpp.cpp; path = guiTypeChartPlotter.cpp; sourceTree = "<group>"; };
		BC1E974615165EE0008DE55A /* guiTypeChartPlotter.h */ = {isa = PBXFileReference; fileEncoding = 4; lastKnownFileType = sourcecode.c.h; path = guiTypeChartPlotter.h; sourceTree = "<group>"; };
		BC1E974715165EE0008DE55A /* guiTypeCustom.cpp */ = {isa = PBXFileReference; fileEncoding = 4; lastKnownFileType = sourcecode.cpp.cpp; path = guiTypeCustom.cpp; sourceTree = "<group>"; };
		BC1E974815165EE0008DE55A /* guiTypeCustom.h */ = {isa = PBXFileReference; fileEncoding = 4; lastKnownFileType = sourcecode.c.h; path = guiTypeCustom.h; sourceTree = "<group>"; };
		BC1E974915165EE0008DE55A /* guiTypeDrawable.cpp */ = {isa = PBXFileReference; fileEncoding = 4; lastKnownFileType = sourcecode.cpp.cpp; path = guiTypeDrawable.cpp; sourceTree = "<group>"; };
		BC1E974A15165EE0008DE55A /* guiTypeDrawable.h */ = {isa = PBXFileReference; fileEncoding = 4; lastKnownFileType = sourcecode.c.h; path = guiTypeDrawable.h; sourceTree = "<group>"; };
		BC1E974B15165EE0008DE55A /* guiTypeFileLister.cpp */ = {isa = PBXFileReference; fileEncoding = 4; lastKnownFileType = sourcecode.cpp.cpp; path = guiTypeFileLister.cpp; sourceTree = "<group>"; };
		BC1E974C15165EE0008DE55A /* guiTypeFileLister.h */ = {isa = PBXFileReference; fileEncoding = 4; lastKnownFileType = sourcecode.c.h; path = guiTypeFileLister.h; sourceTree = "<group>"; };
		BC1E974D15165EE0008DE55A /* guiTypeLabel.cpp */ = {isa = PBXFileReference; fileEncoding = 4; lastKnownFileType = sourcecode.cpp.cpp; path = guiTypeLabel.cpp; sourceTree = "<group>"; };
		BC1E974E15165EE0008DE55A /* guiTypeLabel.h */ = {isa = PBXFileReference; fileEncoding = 4; lastKnownFileType = sourcecode.c.h; path = guiTypeLabel.h; sourceTree = "<group>"; };
		BC1E974F15165EE0008DE55A /* guiTypeLogger.cpp */ = {isa = PBXFileReference; fileEncoding = 4; lastKnownFileType = sourcecode.cpp.cpp; path = guiTypeLogger.cpp; sourceTree = "<group>"; };
		BC1E975015165EE0008DE55A /* guiTypeLogger.h */ = {isa = PBXFileReference; fileEncoding = 4; lastKnownFileType = sourcecode.c.h; path = guiTypeLogger.h; sourceTree = "<group>"; };
		BC1E975115165EE0008DE55A /* guiTypeMultiToggle.cpp */ = {isa = PBXFileReference; fileEncoding = 4; lastKnownFileType = sourcecode.cpp.cpp; path = guiTypeMultiToggle.cpp; sourceTree = "<group>"; };
		BC1E975215165EE0008DE55A /* guiTypeMultiToggle.h */ = {isa = PBXFileReference; fileEncoding = 4; lastKnownFileType = sourcecode.c.h; path = guiTypeMultiToggle.h; sourceTree = "<group>"; };
		BC1E975315165EE0008DE55A /* guiTypePanel.cpp */ = {isa = PBXFileReference; fileEncoding = 4; lastKnownFileType = sourcecode.cpp.cpp; path = guiTypePanel.cpp; sourceTree = "<group>"; };
		BC1E975415165EE0008DE55A /* guiTypePanel.h */ = {isa = PBXFileReference; fileEncoding = 4; lastKnownFileType = sourcecode.c.h; path = guiTypePanel.h; sourceTree = "<group>"; };
		BC1E975515165EE0008DE55A /* guiTypeSlider.cpp */ = {isa = PBXFileReference; fileEncoding = 4; lastKnownFileType = sourcecode.cpp.cpp; path = guiTypeSlider.cpp; sourceTree = "<group>"; };
		BC1E975615165EE0008DE55A /* guiTypeSlider.h */ = {isa = PBXFileReference; fileEncoding = 4; lastKnownFileType = sourcecode.c.h; path = guiTypeSlider.h; sourceTree = "<group>"; };
		BC1E975715165EE0008DE55A /* guiTypeText.cpp */ = {isa = PBXFileReference; fileEncoding = 4; lastKnownFileType = sourcecode.cpp.cpp; path = guiTypeText.cpp; sourceTree = "<group>"; };
		BC1E975815165EE0008DE55A /* guiTypeText.h */ = {isa = PBXFileReference; fileEncoding = 4; lastKnownFileType = sourcecode.c.h; path = guiTypeText.h; sourceTree = "<group>"; };
		BC1E975915165EE0008DE55A /* guiTypeTextDropDown.cpp */ = {isa = PBXFileReference; fileEncoding = 4; lastKnownFileType = sourcecode.cpp.cpp; path = guiTypeTextDropDown.cpp; sourceTree = "<group>"; };
		BC1E975A15165EE0008DE55A /* guiTypeTextDropDown.h */ = {isa = PBXFileReference; fileEncoding = 4; lastKnownFileType = sourcecode.c.h; path = guiTypeTextDropDown.h; sourceTree = "<group>"; };
		BC1E975B15165EE0008DE55A /* guiTypeTextInput.cpp */ = {isa = PBXFileReference; fileEncoding = 4; lastKnownFileType = sourcecode.cpp.cpp; path = guiTypeTextInput.cpp; sourceTree = "<group>"; };
		BC1E975C15165EE0008DE55A /* guiTypeTextInput.h */ = {isa = PBXFileReference; fileEncoding = 4; lastKnownFileType = sourcecode.c.h; path = guiTypeTextInput.h; sourceTree = "<group>"; };
		BC1E975D15165EE0008DE55A /* guiTypeToggle.cpp */ = {isa = PBXFileReference; fileEncoding = 4; lastKnownFileType = sourcecode.cpp.cpp; path = guiTypeToggle.cpp; sourceTree = "<group>"; };
		BC1E975E15165EE0008DE55A /* guiTypeToggle.h */ = {isa = PBXFileReference; fileEncoding = 4; lastKnownFileType = sourcecode.c.h; path = guiTypeToggle.h; sourceTree = "<group>"; };
		BC1E975F15165EE0008DE55A /* guiTypeVairableLister.cpp */ = {isa = PBXFileReference; fileEncoding = 4; lastKnownFileType = sourcecode.cpp.cpp; path = guiTypeVairableLister.cpp; sourceTree = "<group>"; };
		BC1E976015165EE0008DE55A /* guiTypeVairableLister.h */ = {isa = PBXFileReference; fileEncoding = 4; lastKnownFileType = sourcecode.c.h; path = guiTypeVairableLister.h; sourceTree = "<group>"; };
		BC1E976115165EE0008DE55A /* guiTypeVideo.cpp */ = {isa = PBXFileReference; fileEncoding = 4; lastKnownFileType = sourcecode.cpp.cpp; path = guiTypeVideo.cpp; sourceTree = "<group>"; };
		BC1E976215165EE0008DE55A /* guiTypeVideo.h */ = {isa = PBXFileReference; fileEncoding = 4; lastKnownFileType = sourcecode.c.h; path = guiTypeVideo.h; sourceTree = "<group>"; };
		BC1E976315165EE0008DE55A /* guiValue.cpp */ = {isa = PBXFileReference; fileEncoding = 4; lastKnownFileType = sourcecode.cpp.cpp; path = guiValue.cpp; sourceTree = "<group>"; };
		BC1E976415165EE0008DE55A /* guiValue.h */ = {isa = PBXFileReference; fileEncoding = 4; lastKnownFileType = sourcecode.c.h; path = guiValue.h; sourceTree = "<group>"; };
		BC1E976515165EE0008DE55A /* guiVariablePointer.h */ = {isa = PBXFileReference; fileEncoding = 4; lastKnownFileType = sourcecode.c.h; path = guiVariablePointer.h; sourceTree = "<group>"; };
		BC1E976615165EE0008DE55A /* guiXmlValue.h */ = {isa = PBXFileReference; fileEncoding = 4; lastKnownFileType = sourcecode.c.h; path = guiXmlValue.h; sourceTree = "<group>"; };
		BC1E976715165EE0008DE55A /* ofxAutoControlPanel.h */ = {isa = PBXFileReference; fileEncoding = 4; lastKnownFileType = sourcecode.c.h; path = ofxAutoControlPanel.h; sourceTree = "<group>"; };
		BC1E976815165EE0008DE55A /* ofxControlPanel.cpp */ = {isa = PBXFileReference; fileEncoding = 4; lastKnownFileType = sourcecode.cpp.cpp; path = ofxControlPanel.cpp; sourceTree = "<group>"; };
		BC1E976915165EE0008DE55A /* ofxControlPanel.h */ = {isa = PBXFileReference; fileEncoding = 4; lastKnownFileType = sourcecode.c.h; path = ofxControlPanel.h; sourceTree = "<group>"; };
		BC1E976A15165EE0008DE55A /* simpleColor.cpp */ = {isa = PBXFileReference; fileEncoding = 4; lastKnownFileType = sourcecode.cpp.cpp; path = simpleColor.cpp; sourceTree = "<group>"; };
		BC1E976B15165EE0008DE55A /* simpleColor.h */ = {isa = PBXFileReference; fileEncoding = 4; lastKnownFileType = sourcecode.c.h; path = simpleColor.h; sourceTree = "<group>"; };
		BC1E976C15165EE0008DE55A /* simpleFileLister.cpp */ = {isa = PBXFileReference; fileEncoding = 4; lastKnownFileType = sourcecode.cpp.cpp; path = simpleFileLister.cpp; sourceTree = "<group>"; };
		BC1E976D15165EE0008DE55A /* simpleFileLister.h */ = {isa = PBXFileReference; fileEncoding = 4; lastKnownFileType = sourcecode.c.h; path = simpleFileLister.h; sourceTree = "<group>"; };
		BC1E976E15165EE0008DE55A /* simpleLogger.cpp */ = {isa = PBXFileReference; fileEncoding = 4; lastKnownFileType = sourcecode.cpp.cpp; path = simpleLogger.cpp; sourceTree = "<group>"; };
		BC1E976F15165EE0008DE55A /* simpleLogger.h */ = {isa = PBXFileReference; fileEncoding = 4; lastKnownFileType = sourcecode.c.h; path = simpleLogger.h; sourceTree = "<group>"; };
		E4328143138ABC890047C5CB /* openFrameworksLib.xcodeproj */ = {isa = PBXFileReference; lastKnownFileType = "wrapper.pb-project"; name = openFrameworksLib.xcodeproj; path = ../../../libs/openFrameworksCompiled/project/osx/openFrameworksLib.xcodeproj; sourceTree = SOURCE_ROOT; };
		E45BE9710E8CC7DD009D7055 /* AGL.framework */ = {isa = PBXFileReference; lastKnownFileType = wrapper.framework; name = AGL.framework; path = /System/Library/Frameworks/AGL.framework; sourceTree = "<absolute>"; };
		E45BE9720E8CC7DD009D7055 /* ApplicationServices.framework */ = {isa = PBXFileReference; lastKnownFileType = wrapper.framework; name = ApplicationServices.framework; path = /System/Library/Frameworks/ApplicationServices.framework; sourceTree = "<absolute>"; };
		E45BE9730E8CC7DD009D7055 /* AudioToolbox.framework */ = {isa = PBXFileReference; lastKnownFileType = wrapper.framework; name = AudioToolbox.framework; path = /System/Library/Frameworks/AudioToolbox.framework; sourceTree = "<absolute>"; };
		E45BE9740E8CC7DD009D7055 /* Carbon.framework */ = {isa = PBXFileReference; lastKnownFileType = wrapper.framework; name = Carbon.framework; path = /System/Library/Frameworks/Carbon.framework; sourceTree = "<absolute>"; };
		E45BE9750E8CC7DD009D7055 /* CoreAudio.framework */ = {isa = PBXFileReference; lastKnownFileType = wrapper.framework; name = CoreAudio.framework; path = /System/Library/Frameworks/CoreAudio.framework; sourceTree = "<absolute>"; };
		E45BE9760E8CC7DD009D7055 /* CoreFoundation.framework */ = {isa = PBXFileReference; lastKnownFileType = wrapper.framework; name = CoreFoundation.framework; path = /System/Library/Frameworks/CoreFoundation.framework; sourceTree = "<absolute>"; };
		E45BE9770E8CC7DD009D7055 /* CoreServices.framework */ = {isa = PBXFileReference; lastKnownFileType = wrapper.framework; name = CoreServices.framework; path = /System/Library/Frameworks/CoreServices.framework; sourceTree = "<absolute>"; };
		E45BE9790E8CC7DD009D7055 /* OpenGL.framework */ = {isa = PBXFileReference; lastKnownFileType = wrapper.framework; name = OpenGL.framework; path = /System/Library/Frameworks/OpenGL.framework; sourceTree = "<absolute>"; };
		E45BE97A0E8CC7DD009D7055 /* QuickTime.framework */ = {isa = PBXFileReference; lastKnownFileType = wrapper.framework; name = QuickTime.framework; path = /System/Library/Frameworks/QuickTime.framework; sourceTree = "<absolute>"; };
		E4B69B5B0A3A1756003C02F2 /* ofxTesseractExampleDebug.app */ = {isa = PBXFileReference; explicitFileType = wrapper.application; includeInIndex = 0; path = ofxTesseractExampleDebug.app; sourceTree = BUILT_PRODUCTS_DIR; };
		E4B69E1D0A3A1BDC003C02F2 /* main.cpp */ = {isa = PBXFileReference; fileEncoding = 30; lastKnownFileType = sourcecode.cpp.cpp; name = main.cpp; path = src/main.cpp; sourceTree = SOURCE_ROOT; };
		E4B6FCAD0C3E899E008CF71C /* openFrameworks-Info.plist */ = {isa = PBXFileReference; fileEncoding = 30; lastKnownFileType = text.plist.xml; path = "openFrameworks-Info.plist"; sourceTree = "<group>"; };
		E4C2424410CC5A17004149E2 /* AppKit.framework */ = {isa = PBXFileReference; lastKnownFileType = wrapper.framework; name = AppKit.framework; path = /System/Library/Frameworks/AppKit.framework; sourceTree = "<absolute>"; };
		E4C2424510CC5A17004149E2 /* Cocoa.framework */ = {isa = PBXFileReference; lastKnownFileType = wrapper.framework; name = Cocoa.framework; path = /System/Library/Frameworks/Cocoa.framework; sourceTree = "<absolute>"; };
		E4C2424610CC5A17004149E2 /* IOKit.framework */ = {isa = PBXFileReference; lastKnownFileType = wrapper.framework; name = IOKit.framework; path = /System/Library/Frameworks/IOKit.framework; sourceTree = "<absolute>"; };
		E4EB691F138AFCF100A09F29 /* CoreOF.xcconfig */ = {isa = PBXFileReference; fileEncoding = 4; lastKnownFileType = text.xcconfig; name = CoreOF.xcconfig; path = ../../../libs/openFrameworksCompiled/project/osx/CoreOF.xcconfig; sourceTree = SOURCE_ROOT; };
		E4EB6923138AFD0F00A09F29 /* Project.xcconfig */ = {isa = PBXFileReference; fileEncoding = 4; lastKnownFileType = text.xcconfig; path = Project.xcconfig; sourceTree = "<group>"; };
/* End PBXFileReference section */

/* Begin PBXFrameworksBuildPhase section */
		E4B69B590A3A1756003C02F2 /* Frameworks */ = {
			isa = PBXFrameworksBuildPhase;
			buildActionMask = 2147483647;
			files = (
				E4EB6799138ADC1D00A09F29 /* GLUT.framework in Frameworks */,
				E4328149138ABC9F0047C5CB /* openFrameworksDebug.a in Frameworks */,
				E45BE97B0E8CC7DD009D7055 /* AGL.framework in Frameworks */,
				E45BE97C0E8CC7DD009D7055 /* ApplicationServices.framework in Frameworks */,
				E45BE97D0E8CC7DD009D7055 /* AudioToolbox.framework in Frameworks */,
				E45BE97E0E8CC7DD009D7055 /* Carbon.framework in Frameworks */,
				E45BE97F0E8CC7DD009D7055 /* CoreAudio.framework in Frameworks */,
				E45BE9800E8CC7DD009D7055 /* CoreFoundation.framework in Frameworks */,
				E45BE9810E8CC7DD009D7055 /* CoreServices.framework in Frameworks */,
				E45BE9830E8CC7DD009D7055 /* OpenGL.framework in Frameworks */,
				E45BE9840E8CC7DD009D7055 /* QuickTime.framework in Frameworks */,
				E4C2424710CC5A17004149E2 /* AppKit.framework in Frameworks */,
				E4C2424810CC5A17004149E2 /* Cocoa.framework in Frameworks */,
				E4C2424910CC5A17004149E2 /* IOKit.framework in Frameworks */,
				27375ABF150919BE00EEE774 /* opencv.a in Frameworks */,
				27375B01150919EB00EEE774 /* libtesseract_full_i386.a in Frameworks */,
			);
			runOnlyForDeploymentPostprocessing = 0;
		};
/* End PBXFrameworksBuildPhase section */

/* Begin PBXGroup section */
		273759A6150919BD00EEE774 /* ofxOpenCv */ = {
			isa = PBXGroup;
			children = (
				273759A8150919BD00EEE774 /* libs */,
				27375A73150919BE00EEE774 /* src */,
			);
			name = ofxOpenCv;
			path = ../../ofxOpenCv;
			sourceTree = SOURCE_ROOT;
		};
		273759A8150919BD00EEE774 /* libs */ = {
			isa = PBXGroup;
			children = (
				273759A9150919BD00EEE774 /* opencv */,
			);
			name = libs;
			path = ../../ofxOpenCv/libs;
			sourceTree = SOURCE_ROOT;
		};
		273759A9150919BD00EEE774 /* opencv */ = {
			isa = PBXGroup;
			children = (
				273759AA150919BD00EEE774 /* include */,
				273759FB150919BD00EEE774 /* lib */,
			);
			name = opencv;
			path = ../../ofxOpenCv/libs/opencv;
			sourceTree = SOURCE_ROOT;
		};
		273759AA150919BD00EEE774 /* include */ = {
			isa = PBXGroup;
			children = (
				273759AB150919BD00EEE774 /* opencv */,
				273759B7150919BD00EEE774 /* opencv2 */,
			);
			name = include;
			path = ../../ofxOpenCv/libs/opencv/include;
			sourceTree = SOURCE_ROOT;
		};
		273759AB150919BD00EEE774 /* opencv */ = {
			isa = PBXGroup;
			children = (
				273759AC150919BD00EEE774 /* cv.h */,
				273759AD150919BD00EEE774 /* cv.hpp */,
				273759AE150919BD00EEE774 /* cvaux.h */,
				273759AF150919BD00EEE774 /* cvaux.hpp */,
				273759B0150919BD00EEE774 /* cvwimage.h */,
				273759B1150919BD00EEE774 /* cxcore.h */,
				273759B2150919BD00EEE774 /* cxcore.hpp */,
				273759B3150919BD00EEE774 /* cxeigen.hpp */,
				273759B4150919BD00EEE774 /* cxmisc.h */,
				273759B5150919BD00EEE774 /* highgui.h */,
				273759B6150919BD00EEE774 /* ml.h */,
			);
			name = opencv;
			path = ../../ofxOpenCv/libs/opencv/include/opencv;
			sourceTree = SOURCE_ROOT;
		};
		273759B7150919BD00EEE774 /* opencv2 */ = {
			isa = PBXGroup;
			children = (
				273759B8150919BD00EEE774 /* calib3d */,
				273759BA150919BD00EEE774 /* contrib */,
				273759BC150919BD00EEE774 /* core */,
				273759C6150919BD00EEE774 /* features2d */,
				273759C8150919BD00EEE774 /* flann */,
				273759E2150919BD00EEE774 /* gpu */,
				273759E7150919BD00EEE774 /* highgui */,
				273759EA150919BD00EEE774 /* imgproc */,
				273759EE150919BD00EEE774 /* legacy */,
				273759F3150919BD00EEE774 /* ml */,
				273759F5150919BD00EEE774 /* objdetect */,
				273759F7150919BD00EEE774 /* opencv.hpp */,
				273759F8150919BD00EEE774 /* video */,
			);
			name = opencv2;
			path = ../../ofxOpenCv/libs/opencv/include/opencv2;
			sourceTree = SOURCE_ROOT;
		};
		273759B8150919BD00EEE774 /* calib3d */ = {
			isa = PBXGroup;
			children = (
				273759B9150919BD00EEE774 /* calib3d.hpp */,
			);
			name = calib3d;
			path = ../../ofxOpenCv/libs/opencv/include/opencv2/calib3d;
			sourceTree = SOURCE_ROOT;
		};
		273759BA150919BD00EEE774 /* contrib */ = {
			isa = PBXGroup;
			children = (
				273759BB150919BD00EEE774 /* contrib.hpp */,
			);
			name = contrib;
			path = ../../ofxOpenCv/libs/opencv/include/opencv2/contrib;
			sourceTree = SOURCE_ROOT;
		};
		273759BC150919BD00EEE774 /* core */ = {
			isa = PBXGroup;
			children = (
				273759BD150919BD00EEE774 /* core.hpp */,
				273759BE150919BD00EEE774 /* core_c.h */,
				273759BF150919BD00EEE774 /* eigen.hpp */,
				273759C0150919BD00EEE774 /* internal.hpp */,
				273759C1150919BD00EEE774 /* mat.hpp */,
				273759C2150919BD00EEE774 /* operations.hpp */,
				273759C3150919BD00EEE774 /* types_c.h */,
				273759C4150919BD00EEE774 /* version.hpp */,
				273759C5150919BD00EEE774 /* wimage.hpp */,
			);
			name = core;
			path = ../../ofxOpenCv/libs/opencv/include/opencv2/core;
			sourceTree = SOURCE_ROOT;
		};
		273759C6150919BD00EEE774 /* features2d */ = {
			isa = PBXGroup;
			children = (
				273759C7150919BD00EEE774 /* features2d.hpp */,
			);
			name = features2d;
			path = ../../ofxOpenCv/libs/opencv/include/opencv2/features2d;
			sourceTree = SOURCE_ROOT;
		};
		273759C8150919BD00EEE774 /* flann */ = {
			isa = PBXGroup;
			children = (
				273759C9150919BD00EEE774 /* all_indices.h */,
				273759CA150919BD00EEE774 /* allocator.h */,
				273759CB150919BD00EEE774 /* autotuned_index.h */,
				273759CC150919BD00EEE774 /* composite_index.h */,
				273759CD150919BD00EEE774 /* dist.h */,
				273759CE150919BD00EEE774 /* flann.hpp */,
				273759CF150919BD00EEE774 /* flann_base.hpp */,
				273759D0150919BD00EEE774 /* general.h */,
				273759D1150919BD00EEE774 /* ground_truth.h */,
				273759D2150919BD00EEE774 /* hdf5.h */,
				273759D3150919BD00EEE774 /* heap.h */,
				273759D4150919BD00EEE774 /* index_testing.h */,
				273759D5150919BD00EEE774 /* kdtree_index.h */,
				273759D6150919BD00EEE774 /* kmeans_index.h */,
				273759D7150919BD00EEE774 /* linear_index.h */,
				273759D8150919BD00EEE774 /* logger.h */,
				273759D9150919BD00EEE774 /* matrix.h */,
				273759DA150919BD00EEE774 /* nn_index.h */,
				273759DB150919BD00EEE774 /* object_factory.h */,
				273759DC150919BD00EEE774 /* random.h */,
				273759DD150919BD00EEE774 /* result_set.h */,
				273759DE150919BD00EEE774 /* sampling.h */,
				273759DF150919BD00EEE774 /* saving.h */,
				273759E0150919BD00EEE774 /* simplex_downhill.h */,
				273759E1150919BD00EEE774 /* timer.h */,
			);
			name = flann;
			path = ../../ofxOpenCv/libs/opencv/include/opencv2/flann;
			sourceTree = SOURCE_ROOT;
		};
		273759E2150919BD00EEE774 /* gpu */ = {
			isa = PBXGroup;
			children = (
				273759E3150919BD00EEE774 /* devmem2d.hpp */,
				273759E4150919BD00EEE774 /* gpu.hpp */,
				273759E5150919BD00EEE774 /* matrix_operations.hpp */,
				273759E6150919BD00EEE774 /* stream_accessor.hpp */,
			);
			name = gpu;
			path = ../../ofxOpenCv/libs/opencv/include/opencv2/gpu;
			sourceTree = SOURCE_ROOT;
		};
		273759E7150919BD00EEE774 /* highgui */ = {
			isa = PBXGroup;
			children = (
				273759E8150919BD00EEE774 /* highgui.hpp */,
				273759E9150919BD00EEE774 /* highgui_c.h */,
			);
			name = highgui;
			path = ../../ofxOpenCv/libs/opencv/include/opencv2/highgui;
			sourceTree = SOURCE_ROOT;
		};
		273759EA150919BD00EEE774 /* imgproc */ = {
			isa = PBXGroup;
			children = (
				273759EB150919BD00EEE774 /* imgproc.hpp */,
				273759EC150919BD00EEE774 /* imgproc_c.h */,
				273759ED150919BD00EEE774 /* types_c.h */,
			);
			name = imgproc;
			path = ../../ofxOpenCv/libs/opencv/include/opencv2/imgproc;
			sourceTree = SOURCE_ROOT;
		};
		273759EE150919BD00EEE774 /* legacy */ = {
			isa = PBXGroup;
			children = (
				273759EF150919BD00EEE774 /* blobtrack.hpp */,
				273759F0150919BD00EEE774 /* compat.hpp */,
				273759F1150919BD00EEE774 /* legacy.hpp */,
				273759F2150919BD00EEE774 /* streams.hpp */,
			);
			name = legacy;
			path = ../../ofxOpenCv/libs/opencv/include/opencv2/legacy;
			sourceTree = SOURCE_ROOT;
		};
		273759F3150919BD00EEE774 /* ml */ = {
			isa = PBXGroup;
			children = (
				273759F4150919BD00EEE774 /* ml.hpp */,
			);
			name = ml;
			path = ../../ofxOpenCv/libs/opencv/include/opencv2/ml;
			sourceTree = SOURCE_ROOT;
		};
		273759F5150919BD00EEE774 /* objdetect */ = {
			isa = PBXGroup;
			children = (
				273759F6150919BD00EEE774 /* objdetect.hpp */,
			);
			name = objdetect;
			path = ../../ofxOpenCv/libs/opencv/include/opencv2/objdetect;
			sourceTree = SOURCE_ROOT;
		};
		273759F8150919BD00EEE774 /* video */ = {
			isa = PBXGroup;
			children = (
				273759F9150919BD00EEE774 /* background_segm.hpp */,
				273759FA150919BD00EEE774 /* tracking.hpp */,
			);
			name = video;
			path = ../../ofxOpenCv/libs/opencv/include/opencv2/video;
			sourceTree = SOURCE_ROOT;
		};
		273759FB150919BD00EEE774 /* lib */ = {
			isa = PBXGroup;
			children = (
				27375A3F150919BD00EEE774 /* osx */,
			);
			name = lib;
			path = ../../ofxOpenCv/libs/opencv/lib;
			sourceTree = SOURCE_ROOT;
		};
		27375A3F150919BD00EEE774 /* osx */ = {
			isa = PBXGroup;
			children = (
				27375A40150919BD00EEE774 /* opencv.a */,
			);
			name = osx;
			path = ../../ofxOpenCv/libs/opencv/lib/osx;
			sourceTree = SOURCE_ROOT;
		};
		27375A73150919BE00EEE774 /* src */ = {
			isa = PBXGroup;
			children = (
				27375A74150919BE00EEE774 /* ofxCvBlob.h */,
				27375A75150919BE00EEE774 /* ofxCvColorImage.cpp */,
				27375A76150919BE00EEE774 /* ofxCvColorImage.h */,
				27375A77150919BE00EEE774 /* ofxCvConstants.h */,
				27375A78150919BE00EEE774 /* ofxCvContourFinder.cpp */,
				27375A79150919BE00EEE774 /* ofxCvContourFinder.h */,
				27375A7A150919BE00EEE774 /* ofxCvFloatImage.cpp */,
				27375A7B150919BE00EEE774 /* ofxCvFloatImage.h */,
				27375A7C150919BE00EEE774 /* ofxCvGrayscaleImage.cpp */,
				27375A7D150919BE00EEE774 /* ofxCvGrayscaleImage.h */,
				27375A7E150919BE00EEE774 /* ofxCvHaarFinder.cpp */,
				27375A7F150919BE00EEE774 /* ofxCvHaarFinder.h */,
				27375A80150919BE00EEE774 /* ofxCvImage.cpp */,
				27375A81150919BE00EEE774 /* ofxCvImage.h */,
				27375A82150919BE00EEE774 /* ofxCvMain.h */,
				27375A83150919BE00EEE774 /* ofxCvShortImage.cpp */,
				27375A84150919BE00EEE774 /* ofxCvShortImage.h */,
				27375A85150919BE00EEE774 /* ofxOpenCv.h */,
			);
			name = src;
			path = ../../ofxOpenCv/src;
			sourceTree = SOURCE_ROOT;
		};
		27375AF6150919DC00EEE774 /* ofxTesseract */ = {
			isa = PBXGroup;
			children = (
				27375AF8150919EB00EEE774 /* include */,
				27375AFB150919EB00EEE774 /* lib */,
				27375AFE150919EB00EEE774 /* src */,
			);
			name = ofxTesseract;
			sourceTree = "<group>";
		};
		27375AF8150919EB00EEE774 /* include */ = {
			isa = PBXGroup;
			children = (
				27375AF9150919EB00EEE774 /* baseapi.h */,
				27375AFA150919EB00EEE774 /* thresholder.h */,
			);
			name = include;
			path = ../include;
			sourceTree = SOURCE_ROOT;
		};
		27375AFB150919EB00EEE774 /* lib */ = {
			isa = PBXGroup;
			children = (
				27375AFC150919EB00EEE774 /* osx */,
			);
			name = lib;
			path = ../lib;
			sourceTree = SOURCE_ROOT;
		};
		27375AFC150919EB00EEE774 /* osx */ = {
			isa = PBXGroup;
			children = (
				27375AFD150919EB00EEE774 /* libtesseract_full_i386.a */,
			);
			name = osx;
			path = ../lib/osx;
			sourceTree = SOURCE_ROOT;
		};
		27375AFE150919EB00EEE774 /* src */ = {
			isa = PBXGroup;
			children = (
				27375AFF150919EB00EEE774 /* ofxTesseract.cpp */,
				27375B00150919EB00EEE774 /* ofxTesseract.h */,
			);
			name = src;
			path = ../src;
			sourceTree = SOURCE_ROOT;
		};
		27375B0915091A7900EEE774 /* ofxXmlSettings */ = {
			isa = PBXGroup;
			children = (
				27375B0A15091A7900EEE774 /* libs */,
				27375B0F15091A7900EEE774 /* src */,
			);
			name = ofxXmlSettings;
			path = ../../ofxXmlSettings;
			sourceTree = SOURCE_ROOT;
		};
		27375B0A15091A7900EEE774 /* libs */ = {
			isa = PBXGroup;
			children = (
				27375B0B15091A7900EEE774 /* tinyxml.cpp */,
				27375B0C15091A7900EEE774 /* tinyxml.h */,
				27375B0D15091A7900EEE774 /* tinyxmlerror.cpp */,
				27375B0E15091A7900EEE774 /* tinyxmlparser.cpp */,
			);
			name = libs;
			path = ../../ofxXmlSettings/libs;
			sourceTree = SOURCE_ROOT;
		};
		27375B0F15091A7900EEE774 /* src */ = {
			isa = PBXGroup;
			children = (
				27375B1015091A7900EEE774 /* ofxXmlSettings.cpp */,
				27375B1115091A7900EEE774 /* ofxXmlSettings.h */,
			);
			name = src;
			path = ../../ofxXmlSettings/src;
			sourceTree = SOURCE_ROOT;
		};
		BB4B014C10F69532006C3DED /* addons */ = {
			isa = PBXGroup;
			children = (
				BC1E96FF15165EE0008DE55A /* ofxControlPanel */,
				27375B0915091A7900EEE774 /* ofxXmlSettings */,
				27375AF6150919DC00EEE774 /* ofxTesseract */,
				273759A6150919BD00EEE774 /* ofxOpenCv */,
			);
			name = addons;
			sourceTree = "<group>";
		};
		BBAB23C913894ECA00AA2426 /* system frameworks */ = {
			isa = PBXGroup;
			children = (
				E4C2424410CC5A17004149E2 /* AppKit.framework */,
				E4C2424510CC5A17004149E2 /* Cocoa.framework */,
				E4C2424610CC5A17004149E2 /* IOKit.framework */,
				E45BE9710E8CC7DD009D7055 /* AGL.framework */,
				E45BE9720E8CC7DD009D7055 /* ApplicationServices.framework */,
				E45BE9730E8CC7DD009D7055 /* AudioToolbox.framework */,
				E45BE9740E8CC7DD009D7055 /* Carbon.framework */,
				E45BE9750E8CC7DD009D7055 /* CoreAudio.framework */,
				E45BE9760E8CC7DD009D7055 /* CoreFoundation.framework */,
				E45BE9770E8CC7DD009D7055 /* CoreServices.framework */,
				E45BE9790E8CC7DD009D7055 /* OpenGL.framework */,
				E45BE97A0E8CC7DD009D7055 /* QuickTime.framework */,
			);
			name = "system frameworks";
			sourceTree = "<group>";
		};
		BBAB23CA13894EDB00AA2426 /* 3rd party frameworks */ = {
			isa = PBXGroup;
			children = (
				BBAB23BE13894E4700AA2426 /* GLUT.framework */,
			);
			name = "3rd party frameworks";
			sourceTree = "<group>";
		};
		BC1E96FF15165EE0008DE55A /* ofxControlPanel */ = {
			isa = PBXGroup;
			children = (
				BC1E973415165EE0008DE55A /* src */,
			);
			name = ofxControlPanel;
			path = ../../ofxControlPanel;
			sourceTree = "<group>";
		};
		BC1E973415165EE0008DE55A /* src */ = {
			isa = PBXGroup;
			children = (
				BC1E973515165EE0008DE55A /* guiBaseObject.cpp */,
				BC1E973615165EE0008DE55A /* guiBaseObject.h */,
				BC1E973715165EE0008DE55A /* guiCallback.cpp */,
				BC1E973815165EE0008DE55A /* guiCallback.h */,
				BC1E973915165EE0008DE55A /* guiCallbackValue.cpp */,
				BC1E973A15165EE0008DE55A /* guiCallbackValue.h */,
				BC1E973B15165EE0008DE55A /* guiColor.cpp */,
				BC1E973C15165EE0008DE55A /* guiColor.h */,
				BC1E973D15165EE0008DE55A /* guiCustomImpl.h */,
				BC1E973E15165EE0008DE55A /* guiIncludes.h */,
				BC1E973F15165EE0008DE55A /* guiTextBase.cpp */,
				BC1E974015165EE0008DE55A /* guiTextBase.h */,
				BC1E974115165EE0008DE55A /* guiType2DSlider.cpp */,
				BC1E974215165EE0008DE55A /* guiType2DSlider.h */,
				BC1E974315165EE0008DE55A /* guiTypeButtonSlider.cpp */,
				BC1E974415165EE0008DE55A /* guiTypeButtonSlider.h */,
				BC1E974515165EE0008DE55A /* guiTypeChartPlotter.cpp */,
				BC1E974615165EE0008DE55A /* guiTypeChartPlotter.h */,
				BC1E974715165EE0008DE55A /* guiTypeCustom.cpp */,
				BC1E974815165EE0008DE55A /* guiTypeCustom.h */,
				BC1E974915165EE0008DE55A /* guiTypeDrawable.cpp */,
				BC1E974A15165EE0008DE55A /* guiTypeDrawable.h */,
				BC1E974B15165EE0008DE55A /* guiTypeFileLister.cpp */,
				BC1E974C15165EE0008DE55A /* guiTypeFileLister.h */,
				BC1E974D15165EE0008DE55A /* guiTypeLabel.cpp */,
				BC1E974E15165EE0008DE55A /* guiTypeLabel.h */,
				BC1E974F15165EE0008DE55A /* guiTypeLogger.cpp */,
				BC1E975015165EE0008DE55A /* guiTypeLogger.h */,
				BC1E975115165EE0008DE55A /* guiTypeMultiToggle.cpp */,
				BC1E975215165EE0008DE55A /* guiTypeMultiToggle.h */,
				BC1E975315165EE0008DE55A /* guiTypePanel.cpp */,
				BC1E975415165EE0008DE55A /* guiTypePanel.h */,
				BC1E975515165EE0008DE55A /* guiTypeSlider.cpp */,
				BC1E975615165EE0008DE55A /* guiTypeSlider.h */,
				BC1E975715165EE0008DE55A /* guiTypeText.cpp */,
				BC1E975815165EE0008DE55A /* guiTypeText.h */,
				BC1E975915165EE0008DE55A /* guiTypeTextDropDown.cpp */,
				BC1E975A15165EE0008DE55A /* guiTypeTextDropDown.h */,
				BC1E975B15165EE0008DE55A /* guiTypeTextInput.cpp */,
				BC1E975C15165EE0008DE55A /* guiTypeTextInput.h */,
				BC1E975D15165EE0008DE55A /* guiTypeToggle.cpp */,
				BC1E975E15165EE0008DE55A /* guiTypeToggle.h */,
				BC1E975F15165EE0008DE55A /* guiTypeVairableLister.cpp */,
				BC1E976015165EE0008DE55A /* guiTypeVairableLister.h */,
				BC1E976115165EE0008DE55A /* guiTypeVideo.cpp */,
				BC1E976215165EE0008DE55A /* guiTypeVideo.h */,
				BC1E976315165EE0008DE55A /* guiValue.cpp */,
				BC1E976415165EE0008DE55A /* guiValue.h */,
				BC1E976515165EE0008DE55A /* guiVariablePointer.h */,
				BC1E976615165EE0008DE55A /* guiXmlValue.h */,
				BC1E976715165EE0008DE55A /* ofxAutoControlPanel.h */,
				BC1E976815165EE0008DE55A /* ofxControlPanel.cpp */,
				BC1E976915165EE0008DE55A /* ofxControlPanel.h */,
				BC1E976A15165EE0008DE55A /* simpleColor.cpp */,
				BC1E976B15165EE0008DE55A /* simpleColor.h */,
				BC1E976C15165EE0008DE55A /* simpleFileLister.cpp */,
				BC1E976D15165EE0008DE55A /* simpleFileLister.h */,
				BC1E976E15165EE0008DE55A /* simpleLogger.cpp */,
				BC1E976F15165EE0008DE55A /* simpleLogger.h */,
			);
			path = src;
			sourceTree = "<group>";
		};
		E4328144138ABC890047C5CB /* Products */ = {
			isa = PBXGroup;
			children = (
				E4328148138ABC890047C5CB /* openFrameworksDebug.a */,
			);
			name = Products;
			sourceTree = "<group>";
		};
		E45BE5980E8CC70C009D7055 /* frameworks */ = {
			isa = PBXGroup;
			children = (
				BBAB23CA13894EDB00AA2426 /* 3rd party frameworks */,
				BBAB23C913894ECA00AA2426 /* system frameworks */,
			);
			name = frameworks;
			sourceTree = "<group>";
		};
		E4B69B4A0A3A1720003C02F2 = {
			isa = PBXGroup;
			children = (
				E4B6FCAD0C3E899E008CF71C /* openFrameworks-Info.plist */,
				E4EB6923138AFD0F00A09F29 /* Project.xcconfig */,
				E4B69E1C0A3A1BDC003C02F2 /* src */,
				E4EEC9E9138DF44700A80321 /* openFrameworks */,
				BB4B014C10F69532006C3DED /* addons */,
				E45BE5980E8CC70C009D7055 /* frameworks */,
				E4B69B5B0A3A1756003C02F2 /* ofxTesseractExampleDebug.app */,
			);
			sourceTree = "<group>";
		};
		E4B69E1C0A3A1BDC003C02F2 /* src */ = {
			isa = PBXGroup;
			children = (
				2737589E1509199600EEE774 /* CvUtils.h */,
				2737589F1509199600EEE774 /* testApp.cpp */,
				273758A01509199600EEE774 /* testApp.h */,
				E4B69E1D0A3A1BDC003C02F2 /* main.cpp */,
			);
			path = src;
			sourceTree = SOURCE_ROOT;
		};
		E4EEC9E9138DF44700A80321 /* openFrameworks */ = {
			isa = PBXGroup;
			children = (
				E4EB691F138AFCF100A09F29 /* CoreOF.xcconfig */,
				E4328143138ABC890047C5CB /* openFrameworksLib.xcodeproj */,
			);
			name = openFrameworks;
			sourceTree = "<group>";
		};
/* End PBXGroup section */

/* Begin PBXNativeTarget section */
		E4B69B5A0A3A1756003C02F2 /* ofxTesseractExample */ = {
			isa = PBXNativeTarget;
			buildConfigurationList = E4B69B5F0A3A1757003C02F2 /* Build configuration list for PBXNativeTarget "ofxTesseractExample" */;
			buildPhases = (
				E4B69B580A3A1756003C02F2 /* Sources */,
				E4B69B590A3A1756003C02F2 /* Frameworks */,
				E4B6FFFD0C3F9AB9008CF71C /* ShellScript */,
				E4C2427710CC5ABF004149E2 /* CopyFiles */,
			);
			buildRules = (
			);
			dependencies = (
				E4EEB9AC138B136A00A80321 /* PBXTargetDependency */,
			);
			name = ofxTesseractExample;
			productName = myOFApp;
			productReference = E4B69B5B0A3A1756003C02F2 /* ofxTesseractExampleDebug.app */;
			productType = "com.apple.product-type.application";
		};
/* End PBXNativeTarget section */

/* Begin PBXProject section */
		E4B69B4C0A3A1720003C02F2 /* Project object */ = {
			isa = PBXProject;
			buildConfigurationList = E4B69B4D0A3A1720003C02F2 /* Build configuration list for PBXProject "ofxTesseractExample" */;
			compatibilityVersion = "Xcode 2.4";
			developmentRegion = English;
			hasScannedForEncodings = 0;
			knownRegions = (
				English,
				Japanese,
				French,
				German,
			);
			mainGroup = E4B69B4A0A3A1720003C02F2;
			productRefGroup = E4B69B4A0A3A1720003C02F2;
			projectDirPath = "";
			projectReferences = (
				{
					ProductGroup = E4328144138ABC890047C5CB /* Products */;
					ProjectRef = E4328143138ABC890047C5CB /* openFrameworksLib.xcodeproj */;
				},
			);
			projectRoot = "";
			targets = (
				E4B69B5A0A3A1756003C02F2 /* ofxTesseractExample */,
			);
		};
/* End PBXProject section */

/* Begin PBXReferenceProxy section */
		E4328148138ABC890047C5CB /* openFrameworksDebug.a */ = {
			isa = PBXReferenceProxy;
			fileType = archive.ar;
			path = openFrameworksDebug.a;
			remoteRef = E4328147138ABC890047C5CB /* PBXContainerItemProxy */;
			sourceTree = BUILT_PRODUCTS_DIR;
		};
/* End PBXReferenceProxy section */

/* Begin PBXShellScriptBuildPhase section */
		E4B6FFFD0C3F9AB9008CF71C /* ShellScript */ = {
			isa = PBXShellScriptBuildPhase;
			buildActionMask = 2147483647;
			files = (
			);
			inputPaths = (
			);
			outputPaths = (
			);
			runOnlyForDeploymentPostprocessing = 0;
			shellPath = /bin/sh;
			shellScript = "cp -f ../../../libs/fmodex/lib/osx/libfmodex.dylib \"$TARGET_BUILD_DIR/$PRODUCT_NAME.app/Contents/MacOS/libfmodex.dylib\"; install_name_tool -change ./libfmodex.dylib @executable_path/libfmodex.dylib \"$TARGET_BUILD_DIR/$PRODUCT_NAME.app/Contents/MacOS/$PRODUCT_NAME\";";
		};
/* End PBXShellScriptBuildPhase section */

/* Begin PBXSourcesBuildPhase section */
		E4B69B580A3A1756003C02F2 /* Sources */ = {
			isa = PBXSourcesBuildPhase;
			buildActionMask = 2147483647;
			files = (
				E4B69E200A3A1BDC003C02F2 /* main.cpp in Sources */,
				273758A11509199600EEE774 /* testApp.cpp in Sources */,
				27375AEF150919BF00EEE774 /* ofxCvColorImage.cpp in Sources */,
				27375AF0150919BF00EEE774 /* ofxCvContourFinder.cpp in Sources */,
				27375AF1150919BF00EEE774 /* ofxCvFloatImage.cpp in Sources */,
				27375AF2150919BF00EEE774 /* ofxCvGrayscaleImage.cpp in Sources */,
				27375AF3150919BF00EEE774 /* ofxCvHaarFinder.cpp in Sources */,
				27375AF4150919BF00EEE774 /* ofxCvImage.cpp in Sources */,
				27375AF5150919BF00EEE774 /* ofxCvShortImage.cpp in Sources */,
				27375B02150919EB00EEE774 /* ofxTesseract.cpp in Sources */,
				27375B1215091A7900EEE774 /* tinyxml.cpp in Sources */,
				27375B1315091A7900EEE774 /* tinyxmlerror.cpp in Sources */,
				27375B1415091A7900EEE774 /* tinyxmlparser.cpp in Sources */,
				27375B1515091A7900EEE774 /* ofxXmlSettings.cpp in Sources */,
				BC1E977B15165EE0008DE55A /* guiBaseObject.cpp in Sources */,
				BC1E977C15165EE0008DE55A /* guiCallback.cpp in Sources */,
				BC1E977D15165EE0008DE55A /* guiCallbackValue.cpp in Sources */,
				BC1E977E15165EE0008DE55A /* guiColor.cpp in Sources */,
				BC1E977F15165EE0008DE55A /* guiTextBase.cpp in Sources */,
				BC1E978015165EE0008DE55A /* guiType2DSlider.cpp in Sources */,
				BC1E978115165EE0008DE55A /* guiTypeButtonSlider.cpp in Sources */,
				BC1E978215165EE0008DE55A /* guiTypeChartPlotter.cpp in Sources */,
				BC1E978315165EE0008DE55A /* guiTypeCustom.cpp in Sources */,
				BC1E978415165EE0008DE55A /* guiTypeDrawable.cpp in Sources */,
				BC1E978515165EE0008DE55A /* guiTypeFileLister.cpp in Sources */,
				BC1E978615165EE0008DE55A /* guiTypeLabel.cpp in Sources */,
				BC1E978715165EE0008DE55A /* guiTypeLogger.cpp in Sources */,
				BC1E978815165EE0008DE55A /* guiTypeMultiToggle.cpp in Sources */,
				BC1E978915165EE0008DE55A /* guiTypePanel.cpp in Sources */,
				BC1E978A15165EE0008DE55A /* guiTypeSlider.cpp in Sources */,
				BC1E978B15165EE0008DE55A /* guiTypeText.cpp in Sources */,
				BC1E978C15165EE0008DE55A /* guiTypeTextDropDown.cpp in Sources */,
				BC1E978D15165EE0008DE55A /* guiTypeTextInput.cpp in Sources */,
				BC1E978E15165EE0008DE55A /* guiTypeToggle.cpp in Sources */,
				BC1E978F15165EE0008DE55A /* guiTypeVairableLister.cpp in Sources */,
				BC1E979015165EE0008DE55A /* guiTypeVideo.cpp in Sources */,
				BC1E979115165EE0008DE55A /* guiValue.cpp in Sources */,
				BC1E979215165EE0008DE55A /* ofxControlPanel.cpp in Sources */,
				BC1E979315165EE0008DE55A /* simpleColor.cpp in Sources */,
				BC1E979415165EE0008DE55A /* simpleFileLister.cpp in Sources */,
				BC1E979515165EE0008DE55A /* simpleLogger.cpp in Sources */,
			);
			runOnlyForDeploymentPostprocessing = 0;
		};
/* End PBXSourcesBuildPhase section */

/* Begin PBXTargetDependency section */
		E4EEB9AC138B136A00A80321 /* PBXTargetDependency */ = {
			isa = PBXTargetDependency;
			name = openFrameworks;
			targetProxy = E4EEB9AB138B136A00A80321 /* PBXContainerItemProxy */;
		};
/* End PBXTargetDependency section */

/* Begin XCBuildConfiguration section */
		E4B69B4E0A3A1720003C02F2 /* Debug */ = {
			isa = XCBuildConfiguration;
			baseConfigurationReference = E4EB6923138AFD0F00A09F29 /* Project.xcconfig */;
			buildSettings = {
				ARCHS = "$(NATIVE_ARCH)";
				CONFIGURATION_BUILD_DIR = "$(SRCROOT)/bin/";
				COPY_PHASE_STRIP = NO;
				DEAD_CODE_STRIPPING = YES;
				GCC_AUTO_VECTORIZATION = YES;
				GCC_ENABLE_SSE3_EXTENSIONS = YES;
				GCC_ENABLE_SUPPLEMENTAL_SSE3_INSTRUCTIONS = YES;
				GCC_INLINES_ARE_PRIVATE_EXTERN = NO;
				GCC_MODEL_TUNING = G5;
				GCC_SYMBOLS_PRIVATE_EXTERN = NO;
				GCC_WARN_ABOUT_DEPRECATED_FUNCTIONS = NO;
				GCC_WARN_ABOUT_INVALID_OFFSETOF_MACRO = NO;
				GCC_WARN_ALLOW_INCOMPLETE_PROTOCOL = NO;
				GCC_WARN_UNINITIALIZED_AUTOS = NO;
				GCC_WARN_UNUSED_VALUE = NO;
				GCC_WARN_UNUSED_VARIABLE = NO;
				OTHER_CPLUSPLUSFLAGS = (
					"-D__MACOSX_CORE__",
					"-lpthread",
				);
			};
			name = Debug;
		};
		E4B69B4F0A3A1720003C02F2 /* Release */ = {
			isa = XCBuildConfiguration;
			baseConfigurationReference = E4EB6923138AFD0F00A09F29 /* Project.xcconfig */;
			buildSettings = {
				ARCHS = "$(NATIVE_ARCH)";
				CONFIGURATION_BUILD_DIR = "$(SRCROOT)/bin/";
				COPY_PHASE_STRIP = YES;
				DEAD_CODE_STRIPPING = YES;
				GCC_AUTO_VECTORIZATION = YES;
				GCC_ENABLE_SSE3_EXTENSIONS = YES;
				GCC_ENABLE_SUPPLEMENTAL_SSE3_INSTRUCTIONS = YES;
				GCC_INLINES_ARE_PRIVATE_EXTERN = NO;
				GCC_MODEL_TUNING = G5;
				GCC_OPTIMIZATION_LEVEL = 3;
				GCC_SYMBOLS_PRIVATE_EXTERN = NO;
				GCC_UNROLL_LOOPS = YES;
				GCC_WARN_ABOUT_DEPRECATED_FUNCTIONS = NO;
				GCC_WARN_ABOUT_INVALID_OFFSETOF_MACRO = NO;
				GCC_WARN_ALLOW_INCOMPLETE_PROTOCOL = NO;
				GCC_WARN_UNINITIALIZED_AUTOS = NO;
				GCC_WARN_UNUSED_VALUE = NO;
				GCC_WARN_UNUSED_VARIABLE = NO;
				OTHER_CPLUSPLUSFLAGS = (
					"-D__MACOSX_CORE__",
					"-lpthread",
				);
			};
			name = Release;
		};
		E4B69B600A3A1757003C02F2 /* Debug */ = {
			isa = XCBuildConfiguration;
			buildSettings = {
				COPY_PHASE_STRIP = NO;
				FRAMEWORK_SEARCH_PATHS = (
					"$(inherited)",
					"$(FRAMEWORK_SEARCH_PATHS_QUOTED_FOR_TARGET_1)",
				);
				FRAMEWORK_SEARCH_PATHS_QUOTED_FOR_TARGET_1 = "\"$(SRCROOT)/../../../libs/glut/lib/osx\"";
				GCC_DYNAMIC_NO_PIC = NO;
				GCC_ENABLE_FIX_AND_CONTINUE = YES;
				GCC_GENERATE_DEBUGGING_SYMBOLS = YES;
				GCC_MODEL_TUNING = G4;
				GCC_PRECOMPILE_PREFIX_HEADER = YES;
				GCC_PREFIX_HEADER = "$(SYSTEM_LIBRARY_DIR)/Frameworks/Carbon.framework/Headers/Carbon.h";
				INFOPLIST_FILE = "openFrameworks-Info.plist";
				INSTALL_PATH = "$(HOME)/Applications";
				LIBRARY_SEARCH_PATHS = (
					"$(inherited)",
					"$(LIBRARY_SEARCH_PATHS_QUOTED_FOR_TARGET_1)",
					"$(LIBRARY_SEARCH_PATHS_QUOTED_FOR_TARGET_2)",
					"$(LIBRARY_SEARCH_PATHS_QUOTED_FOR_TARGET_3)",
					"$(LIBRARY_SEARCH_PATHS_QUOTED_FOR_TARGET_4)",
					"$(LIBRARY_SEARCH_PATHS_QUOTED_FOR_TARGET_5)",
					"$(LIBRARY_SEARCH_PATHS_QUOTED_FOR_TARGET_6)",
					"$(LIBRARY_SEARCH_PATHS_QUOTED_FOR_TARGET_7)",
					"$(LIBRARY_SEARCH_PATHS_QUOTED_FOR_TARGET_8)",
					"$(LIBRARY_SEARCH_PATHS_QUOTED_FOR_TARGET_9)",
					"$(LIBRARY_SEARCH_PATHS_QUOTED_FOR_TARGET_10)",
					"$(LIBRARY_SEARCH_PATHS_QUOTED_FOR_TARGET_11)",
					"$(LIBRARY_SEARCH_PATHS_QUOTED_FOR_TARGET_12)",
					"$(LIBRARY_SEARCH_PATHS_QUOTED_FOR_TARGET_13)",
					"$(LIBRARY_SEARCH_PATHS_QUOTED_FOR_TARGET_14)",
					"$(LIBRARY_SEARCH_PATHS_QUOTED_FOR_TARGET_15)",
					"$(LIBRARY_SEARCH_PATHS_QUOTED_FOR_TARGET_2)",
					"$(LIBRARY_SEARCH_PATHS_QUOTED_FOR_TARGET_3)",
					"$(LIBRARY_SEARCH_PATHS_QUOTED_FOR_TARGET_7)",
					"$(LIBRARY_SEARCH_PATHS_QUOTED_FOR_TARGET_8)",
					"$(LIBRARY_SEARCH_PATHS_QUOTED_FOR_TARGET_9)",
					"$(LIBRARY_SEARCH_PATHS_QUOTED_FOR_TARGET_10)",
					"$(LIBRARY_SEARCH_PATHS_QUOTED_FOR_TARGET_11)",
					"$(LIBRARY_SEARCH_PATHS_QUOTED_FOR_TARGET_12)",
					"$(LIBRARY_SEARCH_PATHS_QUOTED_FOR_TARGET_13)",
					"$(LIBRARY_SEARCH_PATHS_QUOTED_FOR_TARGET_16)",
					"$(LIBRARY_SEARCH_PATHS_QUOTED_FOR_TARGET_17)",
					"$(LIBRARY_SEARCH_PATHS_QUOTED_FOR_TARGET_18)",
					"$(LIBRARY_SEARCH_PATHS_QUOTED_FOR_TARGET_19)",
					"$(LIBRARY_SEARCH_PATHS_QUOTED_FOR_TARGET_20)",
					"$(LIBRARY_SEARCH_PATHS_QUOTED_FOR_TARGET_21)",
					"$(LIBRARY_SEARCH_PATHS_QUOTED_FOR_TARGET_22)",
					"$(LIBRARY_SEARCH_PATHS_QUOTED_FOR_TARGET_23)",
					"$(LIBRARY_SEARCH_PATHS_QUOTED_FOR_TARGET_24)",
					"$(LIBRARY_SEARCH_PATHS_QUOTED_FOR_TARGET_25)",
					"$(LIBRARY_SEARCH_PATHS_QUOTED_FOR_TARGET_26)",
					"$(LIBRARY_SEARCH_PATHS_QUOTED_FOR_TARGET_27)",
					"$(LIBRARY_SEARCH_PATHS_QUOTED_FOR_TARGET_28)",
					"$(LIBRARY_SEARCH_PATHS_QUOTED_FOR_TARGET_29)",
					"$(LIBRARY_SEARCH_PATHS_QUOTED_FOR_TARGET_30)",
					"$(LIBRARY_SEARCH_PATHS_QUOTED_FOR_TARGET_31)",
					"$(LIBRARY_SEARCH_PATHS_QUOTED_FOR_TARGET_32)",
					"$(LIBRARY_SEARCH_PATHS_QUOTED_FOR_TARGET_33)",
					"$(LIBRARY_SEARCH_PATHS_QUOTED_FOR_TARGET_34)",
					"$(LIBRARY_SEARCH_PATHS_QUOTED_FOR_TARGET_35)",
					"$(LIBRARY_SEARCH_PATHS_QUOTED_FOR_TARGET_36)",
					"$(LIBRARY_SEARCH_PATHS_QUOTED_FOR_TARGET_37)",
					"$(LIBRARY_SEARCH_PATHS_QUOTED_FOR_TARGET_38)",
					"$(LIBRARY_SEARCH_PATHS_QUOTED_FOR_TARGET_39)",
					"$(LIBRARY_SEARCH_PATHS_QUOTED_FOR_TARGET_40)",
					"$(LIBRARY_SEARCH_PATHS_QUOTED_FOR_TARGET_41)",
					"$(LIBRARY_SEARCH_PATHS_QUOTED_FOR_TARGET_42)",
					"$(LIBRARY_SEARCH_PATHS_QUOTED_FOR_TARGET_43)",
					"$(LIBRARY_SEARCH_PATHS_QUOTED_FOR_TARGET_44)",
					"$(LIBRARY_SEARCH_PATHS_QUOTED_FOR_TARGET_45)",
					"$(LIBRARY_SEARCH_PATHS_QUOTED_FOR_TARGET_46)",
					"$(LIBRARY_SEARCH_PATHS_QUOTED_FOR_TARGET_47)",
					"$(LIBRARY_SEARCH_PATHS_QUOTED_FOR_TARGET_48)",
					"$(LIBRARY_SEARCH_PATHS_QUOTED_FOR_TARGET_49)",
					"$(LIBRARY_SEARCH_PATHS_QUOTED_FOR_TARGET_50)",
					"$(LIBRARY_SEARCH_PATHS_QUOTED_FOR_TARGET_51)",
					"$(LIBRARY_SEARCH_PATHS_QUOTED_FOR_TARGET_52)",
					"$(LIBRARY_SEARCH_PATHS_QUOTED_FOR_TARGET_1)",
					"$(LIBRARY_SEARCH_PATHS_QUOTED_FOR_TARGET_2)",
					"$(LIBRARY_SEARCH_PATHS_QUOTED_FOR_TARGET_3)",
					"$(LIBRARY_SEARCH_PATHS_QUOTED_FOR_TARGET_4)",
					"$(LIBRARY_SEARCH_PATHS_QUOTED_FOR_TARGET_5)",
					"$(LIBRARY_SEARCH_PATHS_QUOTED_FOR_TARGET_6)",
					"$(LIBRARY_SEARCH_PATHS_QUOTED_FOR_TARGET_7)",
					"$(LIBRARY_SEARCH_PATHS_QUOTED_FOR_TARGET_8)",
					"$(LIBRARY_SEARCH_PATHS_QUOTED_FOR_TARGET_9)",
				);
				LIBRARY_SEARCH_PATHS_QUOTED_FOR_TARGET_1 = "\"$(SRCROOT)/../../ofxOpenCv/libs/opencv/lib/android/armeabi\"";
				LIBRARY_SEARCH_PATHS_QUOTED_FOR_TARGET_2 = "\"$(SRCROOT)/../../ofxOpenCv/libs/opencv/lib/android/armeabi-v7a\"";
				LIBRARY_SEARCH_PATHS_QUOTED_FOR_TARGET_3 = "\"$(SRCROOT)/../../ofxOpenCv/libs/opencv/lib/iphone\"";
				LIBRARY_SEARCH_PATHS_QUOTED_FOR_TARGET_4 = "\"$(SRCROOT)/../../ofxOpenCv/libs/opencv/lib/linux\"";
				LIBRARY_SEARCH_PATHS_QUOTED_FOR_TARGET_5 = "\"$(SRCROOT)/../../ofxOpenCv/libs/opencv/lib/linux64\"";
				LIBRARY_SEARCH_PATHS_QUOTED_FOR_TARGET_6 = "\"$(SRCROOT)/../../ofxOpenCv/libs/opencv/lib/osx\"";
				LIBRARY_SEARCH_PATHS_QUOTED_FOR_TARGET_7 = "\"$(SRCROOT)/../../ofxOpenCv/libs/opencv/lib/vs2010\"";
				LIBRARY_SEARCH_PATHS_QUOTED_FOR_TARGET_8 = "\"$(SRCROOT)/../../ofxOpenCv/libs/opencv/lib/win_cb\"";
				LIBRARY_SEARCH_PATHS_QUOTED_FOR_TARGET_9 = "\"$(SRCROOT)/../lib/osx\"";
				PREBINDING = NO;
				PRODUCT_NAME = "$(TARGET_NAME)Debug";
				WRAPPER_EXTENSION = app;
			};
			name = Debug;
		};
		E4B69B610A3A1757003C02F2 /* Release */ = {
			isa = XCBuildConfiguration;
			buildSettings = {
				COPY_PHASE_STRIP = YES;
				FRAMEWORK_SEARCH_PATHS = (
					"$(inherited)",
					"$(FRAMEWORK_SEARCH_PATHS_QUOTED_FOR_TARGET_1)",
				);
				FRAMEWORK_SEARCH_PATHS_QUOTED_FOR_TARGET_1 = "\"$(SRCROOT)/../../../libs/glut/lib/osx\"";
				GCC_ENABLE_FIX_AND_CONTINUE = NO;
				GCC_GENERATE_DEBUGGING_SYMBOLS = NO;
				GCC_MODEL_TUNING = G4;
				GCC_PRECOMPILE_PREFIX_HEADER = YES;
				GCC_PREFIX_HEADER = "$(SYSTEM_LIBRARY_DIR)/Frameworks/Carbon.framework/Headers/Carbon.h";
				INFOPLIST_FILE = "openFrameworks-Info.plist";
				INSTALL_PATH = "$(HOME)/Applications";
				LIBRARY_SEARCH_PATHS = (
					"$(inherited)",
					"$(LIBRARY_SEARCH_PATHS_QUOTED_FOR_TARGET_1)",
					"$(LIBRARY_SEARCH_PATHS_QUOTED_FOR_TARGET_2)",
					"$(LIBRARY_SEARCH_PATHS_QUOTED_FOR_TARGET_3)",
					"$(LIBRARY_SEARCH_PATHS_QUOTED_FOR_TARGET_4)",
					"$(LIBRARY_SEARCH_PATHS_QUOTED_FOR_TARGET_5)",
					"$(LIBRARY_SEARCH_PATHS_QUOTED_FOR_TARGET_6)",
					"$(LIBRARY_SEARCH_PATHS_QUOTED_FOR_TARGET_7)",
					"$(LIBRARY_SEARCH_PATHS_QUOTED_FOR_TARGET_8)",
					"$(LIBRARY_SEARCH_PATHS_QUOTED_FOR_TARGET_9)",
					"$(LIBRARY_SEARCH_PATHS_QUOTED_FOR_TARGET_10)",
					"$(LIBRARY_SEARCH_PATHS_QUOTED_FOR_TARGET_11)",
					"$(LIBRARY_SEARCH_PATHS_QUOTED_FOR_TARGET_12)",
					"$(LIBRARY_SEARCH_PATHS_QUOTED_FOR_TARGET_13)",
					"$(LIBRARY_SEARCH_PATHS_QUOTED_FOR_TARGET_14)",
					"$(LIBRARY_SEARCH_PATHS_QUOTED_FOR_TARGET_15)",
					"$(LIBRARY_SEARCH_PATHS_QUOTED_FOR_TARGET_2)",
					"$(LIBRARY_SEARCH_PATHS_QUOTED_1)",
					"$(LIBRARY_SEARCH_PATHS_QUOTED_FOR_TARGET_3)",
					"$(LIBRARY_SEARCH_PATHS_QUOTED_FOR_TARGET_7)",
					"$(LIBRARY_SEARCH_PATHS_QUOTED_FOR_TARGET_8)",
					"$(LIBRARY_SEARCH_PATHS_QUOTED_FOR_TARGET_9)",
					"$(LIBRARY_SEARCH_PATHS_QUOTED_FOR_TARGET_10)",
					"$(LIBRARY_SEARCH_PATHS_QUOTED_FOR_TARGET_11)",
					"$(LIBRARY_SEARCH_PATHS_QUOTED_FOR_TARGET_12)",
					"$(LIBRARY_SEARCH_PATHS_QUOTED_FOR_TARGET_13)",
					"$(LIBRARY_SEARCH_PATHS_QUOTED_FOR_TARGET_16)",
					"$(LIBRARY_SEARCH_PATHS_QUOTED_FOR_TARGET_17)",
					"$(LIBRARY_SEARCH_PATHS_QUOTED_FOR_TARGET_18)",
					"$(LIBRARY_SEARCH_PATHS_QUOTED_FOR_TARGET_19)",
					"$(LIBRARY_SEARCH_PATHS_QUOTED_FOR_TARGET_20)",
					"$(LIBRARY_SEARCH_PATHS_QUOTED_FOR_TARGET_21)",
					"$(LIBRARY_SEARCH_PATHS_QUOTED_FOR_TARGET_22)",
					"$(LIBRARY_SEARCH_PATHS_QUOTED_FOR_TARGET_23)",
					"$(LIBRARY_SEARCH_PATHS_QUOTED_FOR_TARGET_24)",
					"$(LIBRARY_SEARCH_PATHS_QUOTED_FOR_TARGET_25)",
					"$(LIBRARY_SEARCH_PATHS_QUOTED_FOR_TARGET_26)",
					"$(LIBRARY_SEARCH_PATHS_QUOTED_FOR_TARGET_27)",
					"$(LIBRARY_SEARCH_PATHS_QUOTED_FOR_TARGET_28)",
					"$(LIBRARY_SEARCH_PATHS_QUOTED_FOR_TARGET_29)",
					"$(LIBRARY_SEARCH_PATHS_QUOTED_FOR_TARGET_30)",
					"$(LIBRARY_SEARCH_PATHS_QUOTED_FOR_TARGET_31)",
					"$(LIBRARY_SEARCH_PATHS_QUOTED_FOR_TARGET_32)",
					"$(LIBRARY_SEARCH_PATHS_QUOTED_FOR_TARGET_33)",
					"$(LIBRARY_SEARCH_PATHS_QUOTED_FOR_TARGET_34)",
					"$(LIBRARY_SEARCH_PATHS_QUOTED_FOR_TARGET_35)",
					"$(LIBRARY_SEARCH_PATHS_QUOTED_FOR_TARGET_36)",
					"$(LIBRARY_SEARCH_PATHS_QUOTED_FOR_TARGET_37)",
					"$(LIBRARY_SEARCH_PATHS_QUOTED_FOR_TARGET_38)",
					"$(LIBRARY_SEARCH_PATHS_QUOTED_FOR_TARGET_39)",
					"$(LIBRARY_SEARCH_PATHS_QUOTED_FOR_TARGET_40)",
					"$(LIBRARY_SEARCH_PATHS_QUOTED_FOR_TARGET_41)",
					"$(LIBRARY_SEARCH_PATHS_QUOTED_FOR_TARGET_42)",
					"$(LIBRARY_SEARCH_PATHS_QUOTED_FOR_TARGET_43)",
					"$(LIBRARY_SEARCH_PATHS_QUOTED_FOR_TARGET_44)",
					"$(LIBRARY_SEARCH_PATHS_QUOTED_FOR_TARGET_45)",
					"$(LIBRARY_SEARCH_PATHS_QUOTED_FOR_TARGET_46)",
					"$(LIBRARY_SEARCH_PATHS_QUOTED_FOR_TARGET_47)",
					"$(LIBRARY_SEARCH_PATHS_QUOTED_FOR_TARGET_48)",
					"$(LIBRARY_SEARCH_PATHS_QUOTED_FOR_TARGET_49)",
					"$(LIBRARY_SEARCH_PATHS_QUOTED_FOR_TARGET_50)",
					"$(LIBRARY_SEARCH_PATHS_QUOTED_FOR_TARGET_51)",
					"$(LIBRARY_SEARCH_PATHS_QUOTED_FOR_TARGET_1)",
					"$(LIBRARY_SEARCH_PATHS_QUOTED_FOR_TARGET_2)",
					"$(LIBRARY_SEARCH_PATHS_QUOTED_FOR_TARGET_3)",
					"$(LIBRARY_SEARCH_PATHS_QUOTED_FOR_TARGET_4)",
					"$(LIBRARY_SEARCH_PATHS_QUOTED_FOR_TARGET_5)",
					"$(LIBRARY_SEARCH_PATHS_QUOTED_FOR_TARGET_6)",
					"$(LIBRARY_SEARCH_PATHS_QUOTED_FOR_TARGET_7)",
					"$(LIBRARY_SEARCH_PATHS_QUOTED_FOR_TARGET_8)",
					"$(LIBRARY_SEARCH_PATHS_QUOTED_FOR_TARGET_9)",
				);
				LIBRARY_SEARCH_PATHS_QUOTED_FOR_TARGET_1 = "\"$(SRCROOT)/../../ofxOpenCv/libs/opencv/lib/android/armeabi\"";
				LIBRARY_SEARCH_PATHS_QUOTED_FOR_TARGET_2 = "\"$(SRCROOT)/../../ofxOpenCv/libs/opencv/lib/android/armeabi-v7a\"";
				LIBRARY_SEARCH_PATHS_QUOTED_FOR_TARGET_3 = "\"$(SRCROOT)/../../ofxOpenCv/libs/opencv/lib/iphone\"";
				LIBRARY_SEARCH_PATHS_QUOTED_FOR_TARGET_4 = "\"$(SRCROOT)/../../ofxOpenCv/libs/opencv/lib/linux\"";
				LIBRARY_SEARCH_PATHS_QUOTED_FOR_TARGET_5 = "\"$(SRCROOT)/../../ofxOpenCv/libs/opencv/lib/linux64\"";
				LIBRARY_SEARCH_PATHS_QUOTED_FOR_TARGET_6 = "\"$(SRCROOT)/../../ofxOpenCv/libs/opencv/lib/osx\"";
				LIBRARY_SEARCH_PATHS_QUOTED_FOR_TARGET_7 = "\"$(SRCROOT)/../../ofxOpenCv/libs/opencv/lib/vs2010\"";
				LIBRARY_SEARCH_PATHS_QUOTED_FOR_TARGET_8 = "\"$(SRCROOT)/../../ofxOpenCv/libs/opencv/lib/win_cb\"";
				LIBRARY_SEARCH_PATHS_QUOTED_FOR_TARGET_9 = "\"$(SRCROOT)/../lib/osx\"";
				PREBINDING = NO;
				PRODUCT_NAME = "$(TARGET_NAME)";
				WRAPPER_EXTENSION = app;
			};
			name = Release;
		};
/* End XCBuildConfiguration section */

/* Begin XCConfigurationList section */
		E4B69B4D0A3A1720003C02F2 /* Build configuration list for PBXProject "ofxTesseractExample" */ = {
			isa = XCConfigurationList;
			buildConfigurations = (
				E4B69B4E0A3A1720003C02F2 /* Debug */,
				E4B69B4F0A3A1720003C02F2 /* Release */,
			);
			defaultConfigurationIsVisible = 0;
			defaultConfigurationName = Release;
		};
		E4B69B5F0A3A1757003C02F2 /* Build configuration list for PBXNativeTarget "ofxTesseractExample" */ = {
			isa = XCConfigurationList;
			buildConfigurations = (
				E4B69B600A3A1757003C02F2 /* Debug */,
				E4B69B610A3A1757003C02F2 /* Release */,
			);
			defaultConfigurationIsVisible = 0;
			defaultConfigurationName = Release;
		};
/* End XCConfigurationList section */
	};
	rootObject = E4B69B4C0A3A1720003C02F2 /* Project object */;
}
